// !$*UTF8*$!
{
	archiveVersion = 1;
	classes = {
	};
	objectVersion = 46;
	objects = {

/* Begin PBXBuildFile section */
		E72F537F19C288DB002692E6 /* main.swift in Sources */ = {isa = PBXBuildFile; fileRef = E72F537E19C288DB002692E6 /* main.swift */; };
		E7C4FF9A1ADE9DA400E652AA /* main.swift in Sources */ = {isa = PBXBuildFile; fileRef = E7C4FF991ADE9DA400E652AA /* main.swift */; };
/* End PBXBuildFile section */

/* Begin PBXCopyFilesBuildPhase section */
		E72F537919C288DB002692E6 /* CopyFiles */ = {
			isa = PBXCopyFilesBuildPhase;
			buildActionMask = 2147483647;
			dstPath = /usr/share/man/man1/;
			dstSubfolderSpec = 0;
			files = (
			);
			runOnlyForDeploymentPostprocessing = 1;
		};
		E73120C31A1566AA00E9535A /* CopyFiles */ = {
			isa = PBXCopyFilesBuildPhase;
			buildActionMask = 2147483647;
			dstPath = /usr/share/man/man1/;
			dstSubfolderSpec = 0;
			files = (
			);
			runOnlyForDeploymentPostprocessing = 1;
		};
/* End PBXCopyFilesBuildPhase section */

/* Begin PBXFileReference section */
		E72F537B19C288DB002692E6 /* RelocateGHC */ = {isa = PBXFileReference; explicitFileType = "compiled.mach-o.executable"; includeInIndex = 0; path = RelocateGHC; sourceTree = BUILT_PRODUCTS_DIR; };
		E72F537E19C288DB002692E6 /* main.swift */ = {isa = PBXFileReference; lastKnownFileType = sourcecode.swift; path = main.swift; sourceTree = "<group>"; };
		E73120C51A1566AA00E9535A /* StandardizePath */ = {isa = PBXFileReference; explicitFileType = "compiled.mach-o.executable"; includeInIndex = 0; path = StandardizePath; sourceTree = BUILT_PRODUCTS_DIR; };
		E78F46191B5B61DD00FB6200 /* RelocateGHC.entitlements */ = {isa = PBXFileReference; fileEncoding = 4; lastKnownFileType = text; path = RelocateGHC.entitlements; sourceTree = "<group>"; };
		E78F461D1B5CA86600FB6200 /* StandardizePath.entitlements */ = {isa = PBXFileReference; fileEncoding = 4; lastKnownFileType = text.xml; path = StandardizePath.entitlements; sourceTree = "<group>"; };
		E7C4FF991ADE9DA400E652AA /* main.swift */ = {isa = PBXFileReference; fileEncoding = 4; lastKnownFileType = sourcecode.swift; path = main.swift; sourceTree = "<group>"; };
/* End PBXFileReference section */

/* Begin PBXFrameworksBuildPhase section */
		E72F537819C288DB002692E6 /* Frameworks */ = {
			isa = PBXFrameworksBuildPhase;
			buildActionMask = 2147483647;
			files = (
			);
			runOnlyForDeploymentPostprocessing = 0;
		};
		E73120C21A1566AA00E9535A /* Frameworks */ = {
			isa = PBXFrameworksBuildPhase;
			buildActionMask = 2147483647;
			files = (
			);
			runOnlyForDeploymentPostprocessing = 0;
		};
/* End PBXFrameworksBuildPhase section */

/* Begin PBXGroup section */
		E72F537219C288DB002692E6 = {
			isa = PBXGroup;
			children = (
				E78F46191B5B61DD00FB6200 /* RelocateGHC.entitlements */,
				E78F461D1B5CA86600FB6200 /* StandardizePath.entitlements */,
				E72F537D19C288DB002692E6 /* RelocateGHC */,
				E73120C61A1566AA00E9535A /* StandardizePath */,
				E72F537C19C288DB002692E6 /* Products */,
			);
			sourceTree = "<group>";
		};
		E72F537C19C288DB002692E6 /* Products */ = {
			isa = PBXGroup;
			children = (
				E72F537B19C288DB002692E6 /* RelocateGHC */,
				E73120C51A1566AA00E9535A /* StandardizePath */,
			);
			name = Products;
			sourceTree = "<group>";
		};
		E72F537D19C288DB002692E6 /* RelocateGHC */ = {
			isa = PBXGroup;
			children = (
				E72F537E19C288DB002692E6 /* main.swift */,
			);
			path = RelocateGHC;
			sourceTree = "<group>";
		};
		E73120C61A1566AA00E9535A /* StandardizePath */ = {
			isa = PBXGroup;
			children = (
				E7C4FF991ADE9DA400E652AA /* main.swift */,
			);
			path = StandardizePath;
			sourceTree = "<group>";
		};
/* End PBXGroup section */

/* Begin PBXNativeTarget section */
		E72F537A19C288DB002692E6 /* RelocateGHC */ = {
			isa = PBXNativeTarget;
			buildConfigurationList = E72F538219C288DB002692E6 /* Build configuration list for PBXNativeTarget "RelocateGHC" */;
			buildPhases = (
				E72F537719C288DB002692E6 /* Sources */,
				E72F537819C288DB002692E6 /* Frameworks */,
				E72F537919C288DB002692E6 /* CopyFiles */,
			);
			buildRules = (
			);
			dependencies = (
			);
			name = RelocateGHC;
			productName = RelocateGHC;
			productReference = E72F537B19C288DB002692E6 /* RelocateGHC */;
			productType = "com.apple.product-type.tool";
		};
		E73120C41A1566AA00E9535A /* StandardizePath */ = {
			isa = PBXNativeTarget;
			buildConfigurationList = E73120C91A1566AA00E9535A /* Build configuration list for PBXNativeTarget "StandardizePath" */;
			buildPhases = (
				E73120C11A1566AA00E9535A /* Sources */,
				E73120C21A1566AA00E9535A /* Frameworks */,
				E73120C31A1566AA00E9535A /* CopyFiles */,
			);
			buildRules = (
			);
			dependencies = (
			);
			name = StandardizePath;
			productName = StandardizePath;
			productReference = E73120C51A1566AA00E9535A /* StandardizePath */;
			productType = "com.apple.product-type.tool";
		};
/* End PBXNativeTarget section */

/* Begin PBXProject section */
		E72F537319C288DB002692E6 /* Project object */ = {
			isa = PBXProject;
			attributes = {
				LastSwiftMigration = 0700;
				LastSwiftUpdateCheck = 0700;
				LastUpgradeCheck = 1020;
				ORGANIZATIONNAME = "Manuel M T Chakravarty";
				TargetAttributes = {
					E72F537A19C288DB002692E6 = {
						CreatedOnToolsVersion = 6.1;
						DevelopmentTeam = CW7SX798PS;
						DevelopmentTeamName = "Manuel Chakravarty";
						LastSwiftMigration = 0900;
					};
					E73120C41A1566AA00E9535A = {
						CreatedOnToolsVersion = 6.1;
						DevelopmentTeam = CW7SX798PS;
						DevelopmentTeamName = "Manuel Chakravarty";
						LastSwiftMigration = 0900;
					};
				};
			};
			buildConfigurationList = E72F537619C288DB002692E6 /* Build configuration list for PBXProject "RelocateGHC" */;
			compatibilityVersion = "Xcode 3.2";
			developmentRegion = en;
			hasScannedForEncodings = 0;
			knownRegions = (
				en,
				Base,
			);
			mainGroup = E72F537219C288DB002692E6;
			productRefGroup = E72F537C19C288DB002692E6 /* Products */;
			projectDirPath = "";
			projectRoot = "";
			targets = (
				E72F537A19C288DB002692E6 /* RelocateGHC */,
				E73120C41A1566AA00E9535A /* StandardizePath */,
			);
		};
/* End PBXProject section */

/* Begin PBXSourcesBuildPhase section */
		E72F537719C288DB002692E6 /* Sources */ = {
			isa = PBXSourcesBuildPhase;
			buildActionMask = 2147483647;
			files = (
				E72F537F19C288DB002692E6 /* main.swift in Sources */,
			);
			runOnlyForDeploymentPostprocessing = 0;
		};
		E73120C11A1566AA00E9535A /* Sources */ = {
			isa = PBXSourcesBuildPhase;
			buildActionMask = 2147483647;
			files = (
				E7C4FF9A1ADE9DA400E652AA /* main.swift in Sources */,
			);
			runOnlyForDeploymentPostprocessing = 0;
		};
/* End PBXSourcesBuildPhase section */

/* Begin XCBuildConfiguration section */
		E72F538019C288DB002692E6 /* Debug */ = {
			isa = XCBuildConfiguration;
			buildSettings = {
				ALWAYS_SEARCH_USER_PATHS = NO;
				CLANG_ANALYZER_LOCALIZABILITY_NONLOCALIZED = YES;
				CLANG_CXX_LANGUAGE_STANDARD = "gnu++0x";
				CLANG_CXX_LIBRARY = "libc++";
				CLANG_ENABLE_MODULES = YES;
				CLANG_ENABLE_OBJC_ARC = YES;
				CLANG_WARN_BLOCK_CAPTURE_AUTORELEASING = YES;
				CLANG_WARN_BOOL_CONVERSION = YES;
				CLANG_WARN_COMMA = YES;
				CLANG_WARN_CONSTANT_CONVERSION = YES;
				CLANG_WARN_DEPRECATED_OBJC_IMPLEMENTATIONS = YES;
				CLANG_WARN_DIRECT_OBJC_ISA_USAGE = YES_ERROR;
				CLANG_WARN_EMPTY_BODY = YES;
				CLANG_WARN_ENUM_CONVERSION = YES;
				CLANG_WARN_INFINITE_RECURSION = YES;
				CLANG_WARN_INT_CONVERSION = YES;
				CLANG_WARN_NON_LITERAL_NULL_CONVERSION = YES;
				CLANG_WARN_OBJC_IMPLICIT_RETAIN_SELF = YES;
				CLANG_WARN_OBJC_LITERAL_CONVERSION = YES;
				CLANG_WARN_OBJC_ROOT_CLASS = YES_ERROR;
				CLANG_WARN_RANGE_LOOP_ANALYSIS = YES;
				CLANG_WARN_STRICT_PROTOTYPES = YES;
				CLANG_WARN_SUSPICIOUS_MOVE = YES;
				CLANG_WARN_UNREACHABLE_CODE = YES;
				CLANG_WARN__DUPLICATE_METHOD_MATCH = YES;
				COPY_PHASE_STRIP = NO;
				ENABLE_STRICT_OBJC_MSGSEND = YES;
				ENABLE_TESTABILITY = YES;
				GCC_C_LANGUAGE_STANDARD = gnu99;
				GCC_DYNAMIC_NO_PIC = NO;
				GCC_NO_COMMON_BLOCKS = YES;
				GCC_OPTIMIZATION_LEVEL = 0;
				GCC_PREPROCESSOR_DEFINITIONS = (
					"DEBUG=1",
					"$(inherited)",
				);
				GCC_SYMBOLS_PRIVATE_EXTERN = NO;
				GCC_WARN_64_TO_32_BIT_CONVERSION = YES;
				GCC_WARN_ABOUT_RETURN_TYPE = YES_ERROR;
				GCC_WARN_UNDECLARED_SELECTOR = YES;
				GCC_WARN_UNINITIALIZED_AUTOS = YES_AGGRESSIVE;
				GCC_WARN_UNUSED_FUNCTION = YES;
				GCC_WARN_UNUSED_VARIABLE = YES;
				MACOSX_DEPLOYMENT_TARGET = 10.11;
				MTL_ENABLE_DEBUG_INFO = YES;
				ONLY_ACTIVE_ARCH = YES;
				SDKROOT = macosx;
				SWIFT_OPTIMIZATION_LEVEL = "-Onone";
			};
			name = Debug;
		};
		E72F538119C288DB002692E6 /* Release */ = {
			isa = XCBuildConfiguration;
			buildSettings = {
				ALWAYS_SEARCH_USER_PATHS = NO;
				CLANG_ANALYZER_LOCALIZABILITY_NONLOCALIZED = YES;
				CLANG_CXX_LANGUAGE_STANDARD = "gnu++0x";
				CLANG_CXX_LIBRARY = "libc++";
				CLANG_ENABLE_MODULES = YES;
				CLANG_ENABLE_OBJC_ARC = YES;
				CLANG_WARN_BLOCK_CAPTURE_AUTORELEASING = YES;
				CLANG_WARN_BOOL_CONVERSION = YES;
				CLANG_WARN_COMMA = YES;
				CLANG_WARN_CONSTANT_CONVERSION = YES;
				CLANG_WARN_DEPRECATED_OBJC_IMPLEMENTATIONS = YES;
				CLANG_WARN_DIRECT_OBJC_ISA_USAGE = YES_ERROR;
				CLANG_WARN_EMPTY_BODY = YES;
				CLANG_WARN_ENUM_CONVERSION = YES;
				CLANG_WARN_INFINITE_RECURSION = YES;
				CLANG_WARN_INT_CONVERSION = YES;
				CLANG_WARN_NON_LITERAL_NULL_CONVERSION = YES;
				CLANG_WARN_OBJC_IMPLICIT_RETAIN_SELF = YES;
				CLANG_WARN_OBJC_LITERAL_CONVERSION = YES;
				CLANG_WARN_OBJC_ROOT_CLASS = YES_ERROR;
				CLANG_WARN_RANGE_LOOP_ANALYSIS = YES;
				CLANG_WARN_STRICT_PROTOTYPES = YES;
				CLANG_WARN_SUSPICIOUS_MOVE = YES;
				CLANG_WARN_UNREACHABLE_CODE = YES;
				CLANG_WARN__DUPLICATE_METHOD_MATCH = YES;
				COPY_PHASE_STRIP = YES;
				DEBUG_INFORMATION_FORMAT = "dwarf-with-dsym";
				ENABLE_NS_ASSERTIONS = NO;
				ENABLE_STRICT_OBJC_MSGSEND = YES;
				GCC_C_LANGUAGE_STANDARD = gnu99;
				GCC_NO_COMMON_BLOCKS = YES;
				GCC_WARN_64_TO_32_BIT_CONVERSION = YES;
				GCC_WARN_ABOUT_RETURN_TYPE = YES_ERROR;
				GCC_WARN_UNDECLARED_SELECTOR = YES;
				GCC_WARN_UNINITIALIZED_AUTOS = YES_AGGRESSIVE;
				GCC_WARN_UNUSED_FUNCTION = YES;
				GCC_WARN_UNUSED_VARIABLE = YES;
				MACOSX_DEPLOYMENT_TARGET = 10.11;
				MTL_ENABLE_DEBUG_INFO = NO;
				SDKROOT = macosx;
				SWIFT_OPTIMIZATION_LEVEL = "-Owholemodule";
			};
			name = Release;
		};
		E72F538319C288DB002692E6 /* Debug */ = {
			isa = XCBuildConfiguration;
			buildSettings = {
				CODE_SIGN_ENTITLEMENTS = RelocateGHC.entitlements;
				CODE_SIGN_IDENTITY = "Mac Developer";
				DEVELOPMENT_TEAM = CW7SX798PS;
				PRODUCT_NAME = "$(TARGET_NAME)";
				SWIFT_SWIFT3_OBJC_INFERENCE = Default;
				SWIFT_VERSION = 5.0;
			};
			name = Debug;
		};
		E72F538419C288DB002692E6 /* Release */ = {
			isa = XCBuildConfiguration;
			buildSettings = {
				CODE_SIGN_ENTITLEMENTS = RelocateGHC.entitlements;
				CODE_SIGN_IDENTITY = "Mac Developer";
				DEVELOPMENT_TEAM = CW7SX798PS;
				PRODUCT_NAME = "$(TARGET_NAME)";
				SWIFT_SWIFT3_OBJC_INFERENCE = Default;
				SWIFT_VERSION = 5.0;
			};
			name = Release;
		};
		E73120CA1A1566AA00E9535A /* Debug */ = {
			isa = XCBuildConfiguration;
			buildSettings = {
				CODE_SIGN_ENTITLEMENTS = StandardizePath.entitlements;
				CODE_SIGN_IDENTITY = "Mac Developer";
				DEVELOPMENT_TEAM = CW7SX798PS;
				GCC_PREPROCESSOR_DEFINITIONS = (
					"DEBUG=1",
					"$(inherited)",
				);
				MACOSX_DEPLOYMENT_TARGET = 10.10;
				PRODUCT_NAME = "$(TARGET_NAME)";
				SWIFT_SWIFT3_OBJC_INFERENCE = Default;
				SWIFT_VERSION = 5.0;
			};
			name = Debug;
		};
		E73120CB1A1566AA00E9535A /* Release */ = {
			isa = XCBuildConfiguration;
			buildSettings = {
				CODE_SIGN_ENTITLEMENTS = StandardizePath.entitlements;
				CODE_SIGN_IDENTITY = "Mac Developer";
				DEVELOPMENT_TEAM = CW7SX798PS;
				MACOSX_DEPLOYMENT_TARGET = 10.10;
				PRODUCT_NAME = "$(TARGET_NAME)";
				SWIFT_SWIFT3_OBJC_INFERENCE = Default;
				SWIFT_VERSION = 5.0;
			};
			name = Release;
		};
/* End XCBuildConfiguration section */

/* Begin XCConfigurationList section */
		E72F537619C288DB002692E6 /* Build configuration list for PBXProject "RelocateGHC" */ = {
			isa = XCConfigurationList;
			buildConfigurations = (
				E72F538019C288DB002692E6 /* Debug */,
				E72F538119C288DB002692E6 /* Release */,
			);
			defaultConfigurationIsVisible = 0;
			defaultConfigurationName = Release;
		};
		E72F538219C288DB002692E6 /* Build configuration list for PBXNativeTarget "RelocateGHC" */ = {
			isa = XCConfigurationList;
			buildConfigurations = (
				E72F538319C288DB002692E6 /* Debug */,
				E72F538419C288DB002692E6 /* Release */,
			);
			defaultConfigurationIsVisible = 0;
			defaultConfigurationName = Release;
		};
		E73120C91A1566AA00E9535A /* Build configuration list for PBXNativeTarget "StandardizePath" */ = {
			isa = XCConfigurationList;
			buildConfigurations = (
				E73120CA1A1566AA00E9535A /* Debug */,
				E73120CB1A1566AA00E9535A /* Release */,
			);
			defaultConfigurationIsVisible = 0;
			defaultConfigurationName = Release;
		};
/* End XCConfigurationList section */
	};
	rootObject = E72F537319C288DB002692E6 /* Project object */;
}
