// !$*UTF8*$!
{
	archiveVersion = 1;
	classes = {
	};
	objectVersion = 46;
	objects = {

/* Begin PBXContainerItemProxy section */
		E70916811C3CC2D100F5E0E4 /* PBXContainerItemProxy */ = {
			isa = PBXContainerItemProxy;
			containerPortal = E71989BA1C37ADB300FE353B /* Project object */;
			proxyType = 1;
			remoteGlobalIDString = E71989D61C3A02E300FE353B;
			remoteInfo = CLITree;
		};
/* End PBXContainerItemProxy section */

/* Begin PBXFileReference section */
		E70916831C3CCDAA00F5E0E4 /* BuildPKG.sh */ = {isa = PBXFileReference; lastKnownFileType = text.script.sh; path = BuildPKG.sh; sourceTree = "<group>"; };
		E70AE3921E5EF488009B175A /* Cabal */ = {isa = PBXFileReference; lastKnownFileType = folder; path = Cabal; sourceTree = "<group>"; };
		E70AE3951E65599A009B175A /* RunCLICommand.sh */ = {isa = PBXFileReference; lastKnownFileType = text.script.sh; path = RunCLICommand.sh; sourceTree = "<group>"; };
		E71989C81C37CFA300FE353B /* SetupCLI.sh */ = {isa = PBXFileReference; lastKnownFileType = text.script.sh; path = SetupCLI.sh; sourceTree = "<group>"; };
		E71989CA1C39275700FE353B /* ghc.sh */ = {isa = PBXFileReference; lastKnownFileType = text.script.sh; path = ghc.sh; sourceTree = "<group>"; };
		E71989CB1C392A0400FE353B /* ghc-pkg.sh */ = {isa = PBXFileReference; lastKnownFileType = text.script.sh; path = "ghc-pkg.sh"; sourceTree = "<group>"; };
		E71989CC1C392AA300FE353B /* hpc.sh */ = {isa = PBXFileReference; lastKnownFileType = text.script.sh; path = hpc.sh; sourceTree = "<group>"; };
		E71989CD1C392C4B00FE353B /* hsc2hs.sh */ = {isa = PBXFileReference; lastKnownFileType = text.script.sh; path = hsc2hs.sh; sourceTree = "<group>"; };
		E71989CE1C392D1100FE353B /* runghc.sh */ = {isa = PBXFileReference; lastKnownFileType = text.script.sh; path = runghc.sh; sourceTree = "<group>"; };
		E71989CF1C392EAB00FE353B /* ghci.sh */ = {isa = PBXFileReference; lastKnownFileType = text.script.sh; path = ghci.sh; sourceTree = "<group>"; };
		E71989D01C39340400FE353B /* alex.sh */ = {isa = PBXFileReference; lastKnownFileType = text.script.sh; path = alex.sh; sourceTree = "<group>"; };
		E71989D11C3935CD00FE353B /* happy.sh */ = {isa = PBXFileReference; lastKnownFileType = text.script.sh; path = happy.sh; sourceTree = "<group>"; };
		E71989D21C3935F000FE353B /* cabal.sh */ = {isa = PBXFileReference; lastKnownFileType = text.script.sh; path = cabal.sh; sourceTree = "<group>"; };
		E71989D71C3A02E300FE353B /* CLITree.bundle */ = {isa = PBXFileReference; explicitFileType = wrapper.cfbundle; includeInIndex = 0; path = CLITree.bundle; sourceTree = BUILT_PRODUCTS_DIR; };
		E71989DA1C3A02E300FE353B /* Info.plist */ = {isa = PBXFileReference; lastKnownFileType = text.plist.xml; path = Info.plist; sourceTree = "<group>"; };
		E72167DA1E6A9AA300CA3734 /* MakeHaskellCLIDefault.sh */ = {isa = PBXFileReference; lastKnownFileType = text.script.sh; path = MakeHaskellCLIDefault.sh; sourceTree = "<group>"; };
		E72167DB1E6D2B7900CA3734 /* HaskellCLIStatus.sh */ = {isa = PBXFileReference; lastKnownFileType = text.script.sh; path = HaskellCLIStatus.sh; sourceTree = "<group>"; };
		E72167DC1E6F968A00CA3734 /* StopCLICommand.sh */ = {isa = PBXFileReference; lastKnownFileType = text.script.sh; path = StopCLICommand.sh; sourceTree = "<group>"; };
		E748C25D1C3CE76100027019 /* Distribution */ = {isa = PBXFileReference; lastKnownFileType = text.xml; path = Distribution; sourceTree = "<group>"; };
		E760757D1E497295009498D5 /* CreateDistributionTree.sh */ = {isa = PBXFileReference; lastKnownFileType = text.script.sh; path = CreateDistributionTree.sh; sourceTree = "<group>"; };
		E760757F1E497BA3009498D5 /* RunHaskellTerminal.sh */ = {isa = PBXFileReference; lastKnownFileType = text.script.sh; path = RunHaskellTerminal.sh; sourceTree = "<group>"; };
		E76075821E4AEFC7009498D5 /* InstallScripts */ = {isa = PBXFileReference; lastKnownFileType = folder; path = InstallScripts; sourceTree = "<group>"; };
		E761CC961C83F6AA00352AE5 /* haddock.sh */ = {isa = PBXFileReference; lastKnownFileType = text.script.sh; path = haddock.sh; sourceTree = "<group>"; };
		E764319E1C4E1C51002091F0 /* Resources */ = {isa = PBXFileReference; lastKnownFileType = folder; path = Resources; sourceTree = "<group>"; };
		E7F571672029397A0061670D /* c2hs.sh */ = {isa = PBXFileReference; fileEncoding = 4; lastKnownFileType = text.script.sh; path = c2hs.sh; sourceTree = "<group>"; };
		E7FC2B1B1CC0AE100048E8C8 /* cpphs.sh */ = {isa = PBXFileReference; lastKnownFileType = text.script.sh; path = cpphs.sh; sourceTree = "<group>"; };
/* End PBXFileReference section */

/* Begin PBXGroup section */
		E71989B91C37ADB300FE353B = {
			isa = PBXGroup;
			children = (
				E71989E21C3A049800FE353B /* HaskellCLI */,
				E71989D81C3A02E300FE353B /* Products */,
			);
			sourceTree = "<group>";
		};
		E71989D81C3A02E300FE353B /* Products */ = {
			isa = PBXGroup;
			children = (
				E71989D71C3A02E300FE353B /* CLITree.bundle */,
			);
			name = Products;
			sourceTree = "<group>";
		};
		E71989D91C3A02E300FE353B /* CLITree */ = {
			isa = PBXGroup;
			children = (
				E71989DA1C3A02E300FE353B /* Info.plist */,
				E760757D1E497295009498D5 /* CreateDistributionTree.sh */,
			);
			path = CLITree;
			sourceTree = "<group>";
		};
		E71989E21C3A049800FE353B /* HaskellCLI */ = {
			isa = PBXGroup;
			children = (
				E760757E1E497B42009498D5 /* HfMScripts */,
				E760757C1E4971AB009498D5 /* CLITools */,
				E764319E1C4E1C51002091F0 /* Resources */,
				E76075821E4AEFC7009498D5 /* InstallScripts */,
				E748C25D1C3CE76100027019 /* Distribution */,
				E70AE3921E5EF488009B175A /* Cabal */,
				E70916831C3CCDAA00F5E0E4 /* BuildPKG.sh */,
				E71989D91C3A02E300FE353B /* CLITree */,
			);
			name = HaskellCLI;
			sourceTree = "<group>";
		};
		E760757C1E4971AB009498D5 /* CLITools */ = {
			isa = PBXGroup;
			children = (
				E71989D01C39340400FE353B /* alex.sh */,
				E761CC961C83F6AA00352AE5 /* haddock.sh */,
				E71989D11C3935CD00FE353B /* happy.sh */,
				E71989D21C3935F000FE353B /* cabal.sh */,
				E71989CA1C39275700FE353B /* ghc.sh */,
				E71989CF1C392EAB00FE353B /* ghci.sh */,
				E71989CB1C392A0400FE353B /* ghc-pkg.sh */,
				E71989CC1C392AA300FE353B /* hpc.sh */,
				E71989CD1C392C4B00FE353B /* hsc2hs.sh */,
				E71989CE1C392D1100FE353B /* runghc.sh */,
				E7FC2B1B1CC0AE100048E8C8 /* cpphs.sh */,
				E7F571672029397A0061670D /* c2hs.sh */,
				E71989C81C37CFA300FE353B /* SetupCLI.sh */,
			);
			name = CLITools;
			sourceTree = "<group>";
		};
		E760757E1E497B42009498D5 /* HfMScripts */ = {
			isa = PBXGroup;
			children = (
				E760757F1E497BA3009498D5 /* RunHaskellTerminal.sh */,
				E70AE3951E65599A009B175A /* RunCLICommand.sh */,
				E72167DC1E6F968A00CA3734 /* StopCLICommand.sh */,
				E72167DA1E6A9AA300CA3734 /* MakeHaskellCLIDefault.sh */,
				E72167DB1E6D2B7900CA3734 /* HaskellCLIStatus.sh */,
			);
			name = HfMScripts;
			sourceTree = "<group>";
		};
/* End PBXGroup section */

/* Begin PBXLegacyTarget section */
		E709167D1C3CC2B600F5E0E4 /* HaskellCLI */ = {
			isa = PBXLegacyTarget;
			buildArgumentsString = "$(SOURCE_ROOT)/BuildPKG.sh $(ACTION)";
			buildConfigurationList = E709167E1C3CC2B600F5E0E4 /* Build configuration list for PBXLegacyTarget "HaskellCLI" */;
			buildPhases = (
			);
			buildToolPath = /bin/bash;
			buildWorkingDirectory = "";
			dependencies = (
				E70916821C3CC2D100F5E0E4 /* PBXTargetDependency */,
			);
			name = HaskellCLI;
			passBuildSettingsInEnvironment = 1;
			productName = HaskellCLI;
		};
/* End PBXLegacyTarget section */

/* Begin PBXNativeTarget section */
		E71989D61C3A02E300FE353B /* CLITree */ = {
			isa = PBXNativeTarget;
			buildConfigurationList = E71989DB1C3A02E300FE353B /* Build configuration list for PBXNativeTarget "CLITree" */;
			buildPhases = (
				E71989E01C3A032C00FE353B /* Create CLI Distribution Tree */,
			);
			buildRules = (
			);
			dependencies = (
			);
			name = CLITree;
			productName = CLITree;
			productReference = E71989D71C3A02E300FE353B /* CLITree.bundle */;
			productType = "com.apple.product-type.bundle";
		};
/* End PBXNativeTarget section */

/* Begin PBXProject section */
		E71989BA1C37ADB300FE353B /* Project object */ = {
			isa = PBXProject;
			attributes = {
				LastUpgradeCheck = 0940;
				ORGANIZATIONNAME = "Manuel M T Chakravarty";
				TargetAttributes = {
					E709167D1C3CC2B600F5E0E4 = {
						CreatedOnToolsVersion = 7.2;
						LastSwiftMigration = 0810;
					};
					E71989D61C3A02E300FE353B = {
						CreatedOnToolsVersion = 7.2;
						LastSwiftMigration = 0810;
					};
				};
			};
			buildConfigurationList = E71989BD1C37ADB300FE353B /* Build configuration list for PBXProject "HaskellCLI" */;
			compatibilityVersion = "Xcode 3.2";
			developmentRegion = English;
			hasScannedForEncodings = 0;
			knownRegions = (
				en,
			);
			mainGroup = E71989B91C37ADB300FE353B;
			productRefGroup = E71989D81C3A02E300FE353B /* Products */;
			projectDirPath = "";
			projectRoot = "";
			targets = (
				E709167D1C3CC2B600F5E0E4 /* HaskellCLI */,
				E71989D61C3A02E300FE353B /* CLITree */,
			);
		};
/* End PBXProject section */

/* Begin PBXShellScriptBuildPhase section */
		E71989E01C3A032C00FE353B /* Create CLI Distribution Tree */ = {
			isa = PBXShellScriptBuildPhase;
			buildActionMask = 2147483647;
			files = (
			);
			inputPaths = (
			);
			name = "Create CLI Distribution Tree";
			outputPaths = (
			);
			runOnlyForDeploymentPostprocessing = 0;
			shellPath = /bin/bash;
			shellScript = "pwd\nsource CLITree/CreateDistributionTree.sh\n";
			showEnvVarsInLog = 0;
		};
/* End PBXShellScriptBuildPhase section */

/* Begin PBXTargetDependency section */
		E70916821C3CC2D100F5E0E4 /* PBXTargetDependency */ = {
			isa = PBXTargetDependency;
			target = E71989D61C3A02E300FE353B /* CLITree */;
			targetProxy = E70916811C3CC2D100F5E0E4 /* PBXContainerItemProxy */;
		};
/* End PBXTargetDependency section */

/* Begin XCBuildConfiguration section */
		E709167F1C3CC2B600F5E0E4 /* Debug */ = {
			isa = XCBuildConfiguration;
			buildSettings = {
				DEBUGGING_SYMBOLS = YES;
				DEBUG_INFORMATION_FORMAT = dwarf;
				GCC_GENERATE_DEBUGGING_SYMBOLS = YES;
				GCC_OPTIMIZATION_LEVEL = 0;
				OTHER_CFLAGS = "";
				OTHER_LDFLAGS = "";
				PRODUCT_NAME = "$(TARGET_NAME)";
				SWIFT_VERSION = 3.0;
			};
			name = Debug;
		};
		E70916801C3CC2B600F5E0E4 /* Release */ = {
			isa = XCBuildConfiguration;
			buildSettings = {
				DEBUG_INFORMATION_FORMAT = "dwarf-with-dsym";
				OTHER_CFLAGS = "";
				OTHER_LDFLAGS = "";
				PRODUCT_NAME = "$(TARGET_NAME)";
				SWIFT_VERSION = 3.0;
			};
			name = Release;
		};
		E71989BF1C37ADB300FE353B /* Debug */ = {
			isa = XCBuildConfiguration;
			buildSettings = {
				ALWAYS_SEARCH_USER_PATHS = NO;
				CLANG_CXX_LANGUAGE_STANDARD = "gnu++0x";
				CLANG_CXX_LIBRARY = "libc++";
				CLANG_ENABLE_MODULES = YES;
				CLANG_ENABLE_OBJC_ARC = YES;
				CLANG_WARN_BLOCK_CAPTURE_AUTORELEASING = YES;
				CLANG_WARN_BOOL_CONVERSION = YES;
				CLANG_WARN_COMMA = YES;
				CLANG_WARN_CONSTANT_CONVERSION = YES;
				CLANG_WARN_DEPRECATED_OBJC_IMPLEMENTATIONS = YES;
				CLANG_WARN_DIRECT_OBJC_ISA_USAGE = YES_ERROR;
				CLANG_WARN_EMPTY_BODY = YES;
				CLANG_WARN_ENUM_CONVERSION = YES;
				CLANG_WARN_INFINITE_RECURSION = YES;
				CLANG_WARN_INT_CONVERSION = YES;
				CLANG_WARN_NON_LITERAL_NULL_CONVERSION = YES;
				CLANG_WARN_OBJC_IMPLICIT_RETAIN_SELF = YES;
				CLANG_WARN_OBJC_LITERAL_CONVERSION = YES;
				CLANG_WARN_OBJC_ROOT_CLASS = YES_ERROR;
				CLANG_WARN_RANGE_LOOP_ANALYSIS = YES;
				CLANG_WARN_STRICT_PROTOTYPES = YES;
				CLANG_WARN_SUSPICIOUS_MOVE = YES;
				CLANG_WARN_UNREACHABLE_CODE = YES;
				CLANG_WARN__DUPLICATE_METHOD_MATCH = YES;
				COPY_PHASE_STRIP = NO;
				DEBUG_INFORMATION_FORMAT = dwarf;
				ENABLE_STRICT_OBJC_MSGSEND = YES;
				ENABLE_TESTABILITY = YES;
				GCC_C_LANGUAGE_STANDARD = gnu99;
				GCC_DYNAMIC_NO_PIC = NO;
				GCC_NO_COMMON_BLOCKS = YES;
				GCC_OPTIMIZATION_LEVEL = 0;
				GCC_PREPROCESSOR_DEFINITIONS = (
					"DEBUG=1",
					"$(inherited)",
				);
				GCC_WARN_64_TO_32_BIT_CONVERSION = YES;
				GCC_WARN_ABOUT_RETURN_TYPE = YES_ERROR;
				GCC_WARN_UNDECLARED_SELECTOR = YES;
				GCC_WARN_UNINITIALIZED_AUTOS = YES_AGGRESSIVE;
				GCC_WARN_UNUSED_FUNCTION = YES;
				GCC_WARN_UNUSED_VARIABLE = YES;
				MACOSX_DEPLOYMENT_TARGET = 10.11;
				MTL_ENABLE_DEBUG_INFO = YES;
				ONLY_ACTIVE_ARCH = YES;
			};
			name = Debug;
		};
		E71989C01C37ADB300FE353B /* Release */ = {
			isa = XCBuildConfiguration;
			buildSettings = {
				ALWAYS_SEARCH_USER_PATHS = NO;
				CLANG_CXX_LANGUAGE_STANDARD = "gnu++0x";
				CLANG_CXX_LIBRARY = "libc++";
				CLANG_ENABLE_MODULES = YES;
				CLANG_ENABLE_OBJC_ARC = YES;
				CLANG_WARN_BLOCK_CAPTURE_AUTORELEASING = YES;
				CLANG_WARN_BOOL_CONVERSION = YES;
				CLANG_WARN_COMMA = YES;
				CLANG_WARN_CONSTANT_CONVERSION = YES;
				CLANG_WARN_DEPRECATED_OBJC_IMPLEMENTATIONS = YES;
				CLANG_WARN_DIRECT_OBJC_ISA_USAGE = YES_ERROR;
				CLANG_WARN_EMPTY_BODY = YES;
				CLANG_WARN_ENUM_CONVERSION = YES;
				CLANG_WARN_INFINITE_RECURSION = YES;
				CLANG_WARN_INT_CONVERSION = YES;
				CLANG_WARN_NON_LITERAL_NULL_CONVERSION = YES;
				CLANG_WARN_OBJC_IMPLICIT_RETAIN_SELF = YES;
				CLANG_WARN_OBJC_LITERAL_CONVERSION = YES;
				CLANG_WARN_OBJC_ROOT_CLASS = YES_ERROR;
				CLANG_WARN_RANGE_LOOP_ANALYSIS = YES;
				CLANG_WARN_STRICT_PROTOTYPES = YES;
				CLANG_WARN_SUSPICIOUS_MOVE = YES;
				CLANG_WARN_UNREACHABLE_CODE = YES;
				CLANG_WARN__DUPLICATE_METHOD_MATCH = YES;
				COPY_PHASE_STRIP = NO;
				DEBUG_INFORMATION_FORMAT = "dwarf-with-dsym";
				ENABLE_NS_ASSERTIONS = NO;
				ENABLE_STRICT_OBJC_MSGSEND = YES;
				GCC_C_LANGUAGE_STANDARD = gnu99;
				GCC_NO_COMMON_BLOCKS = YES;
				GCC_WARN_64_TO_32_BIT_CONVERSION = YES;
				GCC_WARN_ABOUT_RETURN_TYPE = YES_ERROR;
				GCC_WARN_UNDECLARED_SELECTOR = YES;
				GCC_WARN_UNINITIALIZED_AUTOS = YES_AGGRESSIVE;
				GCC_WARN_UNUSED_FUNCTION = YES;
				GCC_WARN_UNUSED_VARIABLE = YES;
				MACOSX_DEPLOYMENT_TARGET = 10.11;
				MTL_ENABLE_DEBUG_INFO = NO;
			};
			name = Release;
		};
		E71989DC1C3A02E300FE353B /* Debug */ = {
			isa = XCBuildConfiguration;
			buildSettings = {
				CODE_SIGN_IDENTITY = "-";
				COMBINE_HIDPI_IMAGES = YES;
				INFOPLIST_FILE = CLITree/Info.plist;
				INSTALL_PATH = "$(LOCAL_LIBRARY_DIR)/Bundles";
				MACOSX_DEPLOYMENT_TARGET = 10.11;
				PRODUCT_BUNDLE_IDENTIFIER = com.haskellformac.CLITree;
				PRODUCT_NAME = "$(TARGET_NAME)";
				SDKROOT = macosx;
				SKIP_INSTALL = YES;
				SWIFT_VERSION = 3.0;
				WRAPPER_EXTENSION = bundle;
			};
			name = Debug;
		};
		E71989DD1C3A02E300FE353B /* Release */ = {
			isa = XCBuildConfiguration;
			buildSettings = {
				CODE_SIGN_IDENTITY = "-";
				COMBINE_HIDPI_IMAGES = YES;
				INFOPLIST_FILE = CLITree/Info.plist;
				INSTALL_PATH = "$(LOCAL_LIBRARY_DIR)/Bundles";
				MACOSX_DEPLOYMENT_TARGET = 10.11;
				PRODUCT_BUNDLE_IDENTIFIER = com.haskellformac.CLITree;
				PRODUCT_NAME = "$(TARGET_NAME)";
				SDKROOT = macosx;
				SKIP_INSTALL = YES;
				SWIFT_VERSION = 3.0;
				WRAPPER_EXTENSION = bundle;
			};
			name = Release;
		};
/* End XCBuildConfiguration section */

/* Begin XCConfigurationList section */
		E709167E1C3CC2B600F5E0E4 /* Build configuration list for PBXLegacyTarget "HaskellCLI" */ = {
			isa = XCConfigurationList;
			buildConfigurations = (
				E709167F1C3CC2B600F5E0E4 /* Debug */,
				E70916801C3CC2B600F5E0E4 /* Release */,
			);
			defaultConfigurationIsVisible = 0;
			defaultConfigurationName = Release;
		};
		E71989BD1C37ADB300FE353B /* Build configuration list for PBXProject "HaskellCLI" */ = {
			isa = XCConfigurationList;
			buildConfigurations = (
				E71989BF1C37ADB300FE353B /* Debug */,
				E71989C01C37ADB300FE353B /* Release */,
			);
			defaultConfigurationIsVisible = 0;
			defaultConfigurationName = Release;
		};
		E71989DB1C3A02E300FE353B /* Build configuration list for PBXNativeTarget "CLITree" */ = {
			isa = XCConfigurationList;
			buildConfigurations = (
				E71989DC1C3A02E300FE353B /* Debug */,
				E71989DD1C3A02E300FE353B /* Release */,
			);
			defaultConfigurationIsVisible = 0;
			defaultConfigurationName = Release;
		};
/* End XCConfigurationList section */
	};
	rootObject = E71989BA1C37ADB300FE353B /* Project object */;
}
