// !$*UTF8*$!
{
	archiveVersion = 1;
	classes = {
	};
	objectVersion = 46;
	objects = {

/* Begin PBXFileReference section */
		E71989C81C37CFA300FE353B /* SetupCLI.sh */ = {isa = PBXFileReference; lastKnownFileType = text.script.sh; path = SetupCLI.sh; sourceTree = "<group>"; };
		E71989CA1C39275700FE353B /* ghc.sh */ = {isa = PBXFileReference; lastKnownFileType = text.script.sh; path = ghc.sh; sourceTree = "<group>"; };
		E71989CB1C392A0400FE353B /* ghc-pkg.sh */ = {isa = PBXFileReference; lastKnownFileType = text.script.sh; path = "ghc-pkg.sh"; sourceTree = "<group>"; };
		E71989CC1C392AA300FE353B /* hpc.sh */ = {isa = PBXFileReference; lastKnownFileType = text.script.sh; path = hpc.sh; sourceTree = "<group>"; };
		E71989CD1C392C4B00FE353B /* hsc2hs.sh */ = {isa = PBXFileReference; lastKnownFileType = text.script.sh; path = hsc2hs.sh; sourceTree = "<group>"; };
		E71989CE1C392D1100FE353B /* runghc.sh */ = {isa = PBXFileReference; lastKnownFileType = text.script.sh; path = runghc.sh; sourceTree = "<group>"; };
		E71989CF1C392EAB00FE353B /* ghci.sh */ = {isa = PBXFileReference; lastKnownFileType = text.script.sh; path = ghci.sh; sourceTree = "<group>"; };
		E71989D01C39340400FE353B /* alex.sh */ = {isa = PBXFileReference; lastKnownFileType = text.script.sh; path = alex.sh; sourceTree = "<group>"; };
		E71989D11C3935CD00FE353B /* happy.sh */ = {isa = PBXFileReference; lastKnownFileType = text.script.sh; path = happy.sh; sourceTree = "<group>"; };
		E71989D21C3935F000FE353B /* cabal.sh */ = {isa = PBXFileReference; lastKnownFileType = text.script.sh; path = cabal.sh; sourceTree = "<group>"; };
/* End PBXFileReference section */

/* Begin PBXGroup section */
		E71989B91C37ADB300FE353B = {
			isa = PBXGroup;
			children = (
				E71989D01C39340400FE353B /* alex.sh */,
				E71989D11C3935CD00FE353B /* happy.sh */,
				E71989D21C3935F000FE353B /* cabal.sh */,
				E71989CA1C39275700FE353B /* ghc.sh */,
				E71989CF1C392EAB00FE353B /* ghci.sh */,
				E71989CB1C392A0400FE353B /* ghc-pkg.sh */,
				E71989CC1C392AA300FE353B /* hpc.sh */,
				E71989CD1C392C4B00FE353B /* hsc2hs.sh */,
				E71989CE1C392D1100FE353B /* runghc.sh */,
				E71989C81C37CFA300FE353B /* SetupCLI.sh */,
			);
			sourceTree = "<group>";
		};
/* End PBXGroup section */

/* Begin PBXLegacyTarget section */
		E71989BE1C37ADB300FE353B /* HaskellCLI */ = {
			isa = PBXLegacyTarget;
			buildArgumentsString = "$(ACTION)";
			buildConfigurationList = E71989C11C37ADB300FE353B /* Build configuration list for PBXLegacyTarget "HaskellCLI" */;
			buildPhases = (
			);
			buildToolPath = /usr/bin/productbuild;
			dependencies = (
			);
			name = HaskellCLI;
			passBuildSettingsInEnvironment = 1;
			productName = HaskellCLI;
		};
/* End PBXLegacyTarget section */

/* Begin PBXProject section */
		E71989BA1C37ADB300FE353B /* Project object */ = {
			isa = PBXProject;
			attributes = {
				LastUpgradeCheck = 0720;
				ORGANIZATIONNAME = "Manuel M T Chakravarty";
				TargetAttributes = {
					E71989BE1C37ADB300FE353B = {
						CreatedOnToolsVersion = 7.2;
					};
				};
			};
			buildConfigurationList = E71989BD1C37ADB300FE353B /* Build configuration list for PBXProject "HaskellCLI" */;
			compatibilityVersion = "Xcode 3.2";
			developmentRegion = English;
			hasScannedForEncodings = 0;
			knownRegions = (
				en,
			);
			mainGroup = E71989B91C37ADB300FE353B;
			projectDirPath = "";
			projectRoot = "";
			targets = (
				E71989BE1C37ADB300FE353B /* HaskellCLI */,
			);
		};
/* End PBXProject section */

/* Begin XCBuildConfiguration section */
		E71989BF1C37ADB300FE353B /* Debug */ = {
			isa = XCBuildConfiguration;
			buildSettings = {
				ALWAYS_SEARCH_USER_PATHS = NO;
				CLANG_CXX_LANGUAGE_STANDARD = "gnu++0x";
				CLANG_CXX_LIBRARY = "libc++";
				CLANG_ENABLE_MODULES = YES;
				CLANG_ENABLE_OBJC_ARC = YES;
				CLANG_WARN_BOOL_CONVERSION = YES;
				CLANG_WARN_CONSTANT_CONVERSION = YES;
				CLANG_WARN_DIRECT_OBJC_ISA_USAGE = YES_ERROR;
				CLANG_WARN_EMPTY_BODY = YES;
				CLANG_WARN_ENUM_CONVERSION = YES;
				CLANG_WARN_INT_CONVERSION = YES;
				CLANG_WARN_OBJC_ROOT_CLASS = YES_ERROR;
				CLANG_WARN_UNREACHABLE_CODE = YES;
				CLANG_WARN__DUPLICATE_METHOD_MATCH = YES;
				COPY_PHASE_STRIP = NO;
				DEBUG_INFORMATION_FORMAT = dwarf;
				ENABLE_STRICT_OBJC_MSGSEND = YES;
				ENABLE_TESTABILITY = YES;
				GCC_C_LANGUAGE_STANDARD = gnu99;
				GCC_DYNAMIC_NO_PIC = NO;
				GCC_NO_COMMON_BLOCKS = YES;
				GCC_OPTIMIZATION_LEVEL = 0;
				GCC_PREPROCESSOR_DEFINITIONS = (
					"DEBUG=1",
					"$(inherited)",
				);
				GCC_WARN_64_TO_32_BIT_CONVERSION = YES;
				GCC_WARN_ABOUT_RETURN_TYPE = YES_ERROR;
				GCC_WARN_UNDECLARED_SELECTOR = YES;
				GCC_WARN_UNINITIALIZED_AUTOS = YES_AGGRESSIVE;
				GCC_WARN_UNUSED_FUNCTION = YES;
				GCC_WARN_UNUSED_VARIABLE = YES;
				MTL_ENABLE_DEBUG_INFO = YES;
				ONLY_ACTIVE_ARCH = YES;
			};
			name = Debug;
		};
		E71989C01C37ADB300FE353B /* Release */ = {
			isa = XCBuildConfiguration;
			buildSettings = {
				ALWAYS_SEARCH_USER_PATHS = NO;
				CLANG_CXX_LANGUAGE_STANDARD = "gnu++0x";
				CLANG_CXX_LIBRARY = "libc++";
				CLANG_ENABLE_MODULES = YES;
				CLANG_ENABLE_OBJC_ARC = YES;
				CLANG_WARN_BOOL_CONVERSION = YES;
				CLANG_WARN_CONSTANT_CONVERSION = YES;
				CLANG_WARN_DIRECT_OBJC_ISA_USAGE = YES_ERROR;
				CLANG_WARN_EMPTY_BODY = YES;
				CLANG_WARN_ENUM_CONVERSION = YES;
				CLANG_WARN_INT_CONVERSION = YES;
				CLANG_WARN_OBJC_ROOT_CLASS = YES_ERROR;
				CLANG_WARN_UNREACHABLE_CODE = YES;
				CLANG_WARN__DUPLICATE_METHOD_MATCH = YES;
				COPY_PHASE_STRIP = NO;
				DEBUG_INFORMATION_FORMAT = "dwarf-with-dsym";
				ENABLE_NS_ASSERTIONS = NO;
				ENABLE_STRICT_OBJC_MSGSEND = YES;
				GCC_C_LANGUAGE_STANDARD = gnu99;
				GCC_NO_COMMON_BLOCKS = YES;
				GCC_WARN_64_TO_32_BIT_CONVERSION = YES;
				GCC_WARN_ABOUT_RETURN_TYPE = YES_ERROR;
				GCC_WARN_UNDECLARED_SELECTOR = YES;
				GCC_WARN_UNINITIALIZED_AUTOS = YES_AGGRESSIVE;
				GCC_WARN_UNUSED_FUNCTION = YES;
				GCC_WARN_UNUSED_VARIABLE = YES;
				MTL_ENABLE_DEBUG_INFO = NO;
			};
			name = Release;
		};
		E71989C21C37ADB300FE353B /* Debug */ = {
			isa = XCBuildConfiguration;
			buildSettings = {
				DEBUGGING_SYMBOLS = YES;
				DEBUG_INFORMATION_FORMAT = dwarf;
				GCC_GENERATE_DEBUGGING_SYMBOLS = YES;
				GCC_OPTIMIZATION_LEVEL = 0;
				OTHER_CFLAGS = "";
				OTHER_LDFLAGS = "";
				PRODUCT_NAME = "$(TARGET_NAME)";
			};
			name = Debug;
		};
		E71989C31C37ADB300FE353B /* Release */ = {
			isa = XCBuildConfiguration;
			buildSettings = {
				DEBUG_INFORMATION_FORMAT = "dwarf-with-dsym";
				OTHER_CFLAGS = "";
				OTHER_LDFLAGS = "";
				PRODUCT_NAME = "$(TARGET_NAME)";
			};
			name = Release;
		};
/* End XCBuildConfiguration section */

/* Begin XCConfigurationList section */
		E71989BD1C37ADB300FE353B /* Build configuration list for PBXProject "HaskellCLI" */ = {
			isa = XCConfigurationList;
			buildConfigurations = (
				E71989BF1C37ADB300FE353B /* Debug */,
				E71989C01C37ADB300FE353B /* Release */,
			);
			defaultConfigurationIsVisible = 0;
			defaultConfigurationName = Release;
		};
		E71989C11C37ADB300FE353B /* Build configuration list for PBXLegacyTarget "HaskellCLI" */ = {
			isa = XCConfigurationList;
			buildConfigurations = (
				E71989C21C37ADB300FE353B /* Debug */,
				E71989C31C37ADB300FE353B /* Release */,
			);
			defaultConfigurationIsVisible = 0;
		};
/* End XCConfigurationList section */
	};
	rootObject = E71989BA1C37ADB300FE353B /* Project object */;
}
