// !$*UTF8*$!
{
	archiveVersion = 1;
	classes = {
	};
	objectVersion = 46;
	objects = {

/* Begin PBXBuildFile section */
		E70A66C4197CC341006D3514 /* GHCKit.framework in Frameworks */ = {isa = PBXBuildFile; fileRef = E70A66AF197CC340006D3514 /* GHCKit.framework */; };
		E70A66C5197CC341006D3514 /* GHCKit.framework in Embed Frameworks */ = {isa = PBXBuildFile; fileRef = E70A66AF197CC340006D3514 /* GHCKit.framework */; settings = {ATTRIBUTES = (CodeSignOnCopy, ); }; };
		E70A66D3197CE04B006D3514 /* Info.plist in Resources */ = {isa = PBXBuildFile; fileRef = E70A66D2197CE04B006D3514 /* Info.plist */; };
		E70A66E6197E0BA2006D3514 /* libiconv.dylib in Frameworks */ = {isa = PBXBuildFile; fileRef = E70A66E5197E0BA2006D3514 /* libiconv.dylib */; };
		E70A66EA197E24B0006D3514 /* GHCInstance.hs in Sources */ = {isa = PBXBuildFile; fileRef = E70A66E8197E2420006D3514 /* GHCInstance.hs */; };
		E70A66F5197E272E006D3514 /* CabalKit.h in Headers */ = {isa = PBXBuildFile; fileRef = E70A66F4197E272E006D3514 /* CabalKit.h */; settings = {ATTRIBUTES = (Public, ); }; };
		E70A6705197E272E006D3514 /* CabalKit.framework in Frameworks */ = {isa = PBXBuildFile; fileRef = E70A66F0197E272E006D3514 /* CabalKit.framework */; };
		E70A6706197E272E006D3514 /* CabalKit.framework in Embed Frameworks */ = {isa = PBXBuildFile; fileRef = E70A66F0197E272E006D3514 /* CabalKit.framework */; settings = {ATTRIBUTES = (CodeSignOnCopy, ); }; };
		E70A6713197E286D006D3514 /* GHCKit.h in Headers */ = {isa = PBXBuildFile; fileRef = E70A66D1197CE038006D3514 /* GHCKit.h */; settings = {ATTRIBUTES = (Public, ); }; };
		E70A6714197E2918006D3514 /* CBLPackage.hs in Sources */ = {isa = PBXBuildFile; fileRef = E70A670F197E279C006D3514 /* CBLPackage.hs */; };
		E70A6717197E2E0E006D3514 /* libiconv.dylib in Frameworks */ = {isa = PBXBuildFile; fileRef = E70A6716197E2E0E006D3514 /* libiconv.dylib */; };
		E70D409719409AB700CA3455 /* CabalTest.swift in Sources */ = {isa = PBXBuildFile; fileRef = E70D409619409AB700CA3455 /* CabalTest.swift */; };
		E713E3D7189FCCEC00504164 /* PackageHeaderEditor.xib in Resources */ = {isa = PBXBuildFile; fileRef = E713E3D6189FCCEC00504164 /* PackageHeaderEditor.xib */; };
		E713E3DA18A491FF00504164 /* HFMProjectViewModel.m in Sources */ = {isa = PBXBuildFile; fileRef = E713E3D918A491FF00504164 /* HFMProjectViewModel.m */; };
		E719C7B618E91F5000586434 /* HFMHeaderEditorController.m in Sources */ = {isa = PBXBuildFile; fileRef = E719C7B518E91F5000586434 /* HFMHeaderEditorController.m */; };
		E71D508519A7065400BD4141 /* Cloudcelerate.hs in Resources */ = {isa = PBXBuildFile; fileRef = E71D508419A7065400BD4141 /* Cloudcelerate.hs */; };
		E721D8F419ACB3C500DCBF68 /* GHCToken.h in Headers */ = {isa = PBXBuildFile; fileRef = E721D8F319ACA9D100DCBF68 /* GHCToken.h */; settings = {ATTRIBUTES = (Public, ); }; };
		E721D8F619AF539600DCBF68 /* GHCToken.m in Sources */ = {isa = PBXBuildFile; fileRef = E721D8F519AF539600DCBF68 /* GHCToken.m */; };
		E721D8F819B354F600DCBF68 /* SyntaxHighlighting.swift in Sources */ = {isa = PBXBuildFile; fileRef = E721D8F719B354F600DCBF68 /* SyntaxHighlighting.swift */; };
		E7258C4A1983CB6D004789CF /* GHCKit.framework in Frameworks */ = {isa = PBXBuildFile; fileRef = E70A66AF197CC340006D3514 /* GHCKit.framework */; };
		E7258C4B1983CB72004789CF /* CabalKit.framework in Frameworks */ = {isa = PBXBuildFile; fileRef = E70A66F0197E272E006D3514 /* CabalKit.framework */; };
		E7258C58198A2263004789CF /* Playground.xib in Resources */ = {isa = PBXBuildFile; fileRef = E7258C57198A2263004789CF /* Playground.xib */; };
		E731EA4E197F7B470083F6C8 /* MainMenu.xib in Resources */ = {isa = PBXBuildFile; fileRef = E7A13B191888006C00D79087 /* MainMenu.xib */; };
		E743140219A46F70003A3934 /* CloudcelerateKit.h in Headers */ = {isa = PBXBuildFile; fileRef = E743140119A46F70003A3934 /* CloudcelerateKit.h */; settings = {ATTRIBUTES = (Public, ); }; };
		E743140E19A46F70003A3934 /* CloudcelerateKitTests.swift in Sources */ = {isa = PBXBuildFile; fileRef = E743140D19A46F70003A3934 /* CloudcelerateKitTests.swift */; };
		E743141119A46F70003A3934 /* CloudcelerateKit.framework in Frameworks */ = {isa = PBXBuildFile; fileRef = E74313FD19A46F70003A3934 /* CloudcelerateKit.framework */; };
		E743141219A46F70003A3934 /* CloudcelerateKit.framework in Embed Frameworks */ = {isa = PBXBuildFile; fileRef = E74313FD19A46F70003A3934 /* CloudcelerateKit.framework */; settings = {ATTRIBUTES = (CodeSignOnCopy, RemoveHeadersOnCopy, ); }; };
		E743141C19A472CA003A3934 /* CloudcelerateSession.swift in Sources */ = {isa = PBXBuildFile; fileRef = E743141B19A472CA003A3934 /* CloudcelerateSession.swift */; };
		E75DD13819A07E0300CDC18F /* StringExtensions.swift in Sources */ = {isa = PBXBuildFile; fileRef = E75DD13719A07E0300CDC18F /* StringExtensions.swift */; };
		E7A13B051888006C00D79087 /* Cocoa.framework in Frameworks */ = {isa = PBXBuildFile; fileRef = E7A13B041888006C00D79087 /* Cocoa.framework */; };
		E7A13B0F1888006C00D79087 /* InfoPlist.strings in Resources */ = {isa = PBXBuildFile; fileRef = E7A13B0D1888006C00D79087 /* InfoPlist.strings */; };
		E7A13B111888006C00D79087 /* main.m in Sources */ = {isa = PBXBuildFile; fileRef = E7A13B101888006C00D79087 /* main.m */; };
		E7A13B151888006C00D79087 /* Credits.rtf in Resources */ = {isa = PBXBuildFile; fileRef = E7A13B131888006C00D79087 /* Credits.rtf */; };
		E7A13B181888006C00D79087 /* HFMAppDelegate.m in Sources */ = {isa = PBXBuildFile; fileRef = E7A13B171888006C00D79087 /* HFMAppDelegate.m */; };
		E7A13B1D1888006C00D79087 /* Images.xcassets in Resources */ = {isa = PBXBuildFile; fileRef = E7A13B1C1888006C00D79087 /* Images.xcassets */; };
		E7A13B251888006C00D79087 /* Cocoa.framework in Frameworks */ = {isa = PBXBuildFile; fileRef = E7A13B041888006C00D79087 /* Cocoa.framework */; };
		E7A13B2D1888006C00D79087 /* InfoPlist.strings in Resources */ = {isa = PBXBuildFile; fileRef = E7A13B2B1888006C00D79087 /* InfoPlist.strings */; };
		E7A13B2F1888006C00D79087 /* HaskellForMacTests.m in Sources */ = {isa = PBXBuildFile; fileRef = E7A13B2E1888006C00D79087 /* HaskellForMacTests.m */; };
		E7A13B3A1888D1C000D79087 /* HFMProject.m in Sources */ = {isa = PBXBuildFile; fileRef = E7A13B391888D1C000D79087 /* HFMProject.m */; };
		E7A13B48188E7BED00D79087 /* HFMWindowController.m in Sources */ = {isa = PBXBuildFile; fileRef = E7A13B46188E7BED00D79087 /* HFMWindowController.m */; };
		E7A13B49188E7BED00D79087 /* ProjectWindow.xib in Resources */ = {isa = PBXBuildFile; fileRef = E7A13B47188E7BED00D79087 /* ProjectWindow.xib */; };
		E7AD6224198F28FD00AFF324 /* TextEditorController.swift in Sources */ = {isa = PBXBuildFile; fileRef = E7AD6223198F28FD00AFF324 /* TextEditorController.swift */; };
		E7B0AB011990B4890057FAD5 /* TextGutterView.swift in Sources */ = {isa = PBXBuildFile; fileRef = E7B0AB001990B4890057FAD5 /* TextGutterView.swift */; };
		E7C5766119948C3000E6AAE0 /* Diagnostics.swift in Sources */ = {isa = PBXBuildFile; fileRef = E7C5766019948C3000E6AAE0 /* Diagnostics.swift */; };
		E7CBF5AE194A894000EF60F1 /* HFMProjectViewModelItem.m in Sources */ = {isa = PBXBuildFile; fileRef = E7CBF5AD194A894000EF60F1 /* HFMProjectViewModelItem.m */; };
		E7CC640119999C3E00D8E1CD /* GHCSeverity.h in Headers */ = {isa = PBXBuildFile; fileRef = E7CC640019999C3E00D8E1CD /* GHCSeverity.h */; settings = {ATTRIBUTES = (Public, ); }; };
		E7CC64031999B4DD00D8E1CD /* ContextController.swift in Sources */ = {isa = PBXBuildFile; fileRef = E7CC64021999B4DD00D8E1CD /* ContextController.swift */; };
		E7CC6405199DACA900D8E1CD /* DiagnosticsPopover.xib in Resources */ = {isa = PBXBuildFile; fileRef = E7CC6404199DACA900D8E1CD /* DiagnosticsPopover.xib */; };
		E7ED6896198FAF4100A1E8FE /* TextEditor.xib in Resources */ = {isa = PBXBuildFile; fileRef = E7ED6895198FAF4100A1E8FE /* TextEditor.xib */; };
		E7F7988E198A610F0063294F /* PlaygroundController.swift in Sources */ = {isa = PBXBuildFile; fileRef = E7F7988D198A610F0063294F /* PlaygroundController.swift */; };
		E7F79896198B06850063294F /* SynchroScrollView.swift in Sources */ = {isa = PBXBuildFile; fileRef = E7F79895198B06850063294F /* SynchroScrollView.swift */; };
		E7F79898198B3A010063294F /* HaskellSession.swift in Sources */ = {isa = PBXBuildFile; fileRef = E7F79897198B3A010063294F /* HaskellSession.swift */; };
/* End PBXBuildFile section */

/* Begin PBXBuildRule section */
		E70A66E0197DF66C006D3514 /* PBXBuildRule */ = {
			isa = PBXBuildRule;
			compilerSpec = com.apple.compilers.proxy.script;
			filePatterns = "*.hs";
			fileType = pattern.proxy;
			isEditable = 1;
			outputFiles = (
				"$(DERIVED_FILE_DIR)/$(INPUT_FILE_BASE)_objc.m",
			);
			script = "echo Tell Xcode to compile the _objc.m\ntouch ${SCRIPT_OUTPUT_FILE_0}\n";
		};
		E70A6711197E2822006D3514 /* PBXBuildRule */ = {
			isa = PBXBuildRule;
			compilerSpec = com.apple.compilers.proxy.script;
			filePatterns = "*.hs";
			fileType = pattern.proxy;
			isEditable = 1;
			outputFiles = (
				"$(DERIVED_FILE_DIR)/$(INPUT_FILE_BASE)_objc.m",
			);
			script = "echo Tell Xcode to compile the _objc.m\ntouch ${SCRIPT_OUTPUT_FILE_0}\n";
		};
/* End PBXBuildRule section */

/* Begin PBXContainerItemProxy section */
		E70A66C2197CC341006D3514 /* PBXContainerItemProxy */ = {
			isa = PBXContainerItemProxy;
			containerPortal = E7A13AF91888006C00D79087 /* Project object */;
			proxyType = 1;
			remoteGlobalIDString = E70A66AE197CC340006D3514;
			remoteInfo = GHCFramework;
		};
		E70A66C6197CC341006D3514 /* PBXContainerItemProxy */ = {
			isa = PBXContainerItemProxy;
			containerPortal = E7A13AF91888006C00D79087 /* Project object */;
			proxyType = 1;
			remoteGlobalIDString = E70A66AE197CC340006D3514;
			remoteInfo = GHCFramework;
		};
		E70A6703197E272E006D3514 /* PBXContainerItemProxy */ = {
			isa = PBXContainerItemProxy;
			containerPortal = E7A13AF91888006C00D79087 /* Project object */;
			proxyType = 1;
			remoteGlobalIDString = E70A66EF197E272E006D3514;
			remoteInfo = CabalKit;
		};
		E70A6707197E272E006D3514 /* PBXContainerItemProxy */ = {
			isa = PBXContainerItemProxy;
			containerPortal = E7A13AF91888006C00D79087 /* Project object */;
			proxyType = 1;
			remoteGlobalIDString = E70A66EF197E272E006D3514;
			remoteInfo = CabalKit;
		};
		E7142E3C19415EFF00DB5295 /* PBXContainerItemProxy */ = {
			isa = PBXContainerItemProxy;
			containerPortal = E7A13AF91888006C00D79087 /* Project object */;
			proxyType = 1;
			remoteGlobalIDString = E7A13B001888006C00D79087;
			remoteInfo = HaskellForMac;
		};
		E7142E3E19415F0100DB5295 /* PBXContainerItemProxy */ = {
			isa = PBXContainerItemProxy;
			containerPortal = E7A13AF91888006C00D79087 /* Project object */;
			proxyType = 1;
			remoteGlobalIDString = E7A13B001888006C00D79087;
			remoteInfo = HaskellForMac;
		};
		E743140819A46F70003A3934 /* PBXContainerItemProxy */ = {
			isa = PBXContainerItemProxy;
			containerPortal = E7A13AF91888006C00D79087 /* Project object */;
			proxyType = 1;
			remoteGlobalIDString = E7A13B001888006C00D79087;
			remoteInfo = HaskellForMac;
		};
		E743140F19A46F70003A3934 /* PBXContainerItemProxy */ = {
			isa = PBXContainerItemProxy;
			containerPortal = E7A13AF91888006C00D79087 /* Project object */;
			proxyType = 1;
			remoteGlobalIDString = E74313FC19A46F70003A3934;
			remoteInfo = CloudcelerateKit;
		};
		E743141319A46F70003A3934 /* PBXContainerItemProxy */ = {
			isa = PBXContainerItemProxy;
			containerPortal = E7A13AF91888006C00D79087 /* Project object */;
			proxyType = 1;
			remoteGlobalIDString = E74313FC19A46F70003A3934;
			remoteInfo = CloudcelerateKit;
		};
		E75DD13919A212A600CDC18F /* PBXContainerItemProxy */ = {
			isa = PBXContainerItemProxy;
			containerPortal = E7A13AF91888006C00D79087 /* Project object */;
			proxyType = 1;
			remoteGlobalIDString = E7A13B001888006C00D79087;
			remoteInfo = HaskellForMac;
		};
		E7A13B261888006C00D79087 /* PBXContainerItemProxy */ = {
			isa = PBXContainerItemProxy;
			containerPortal = E7A13AF91888006C00D79087 /* Project object */;
			proxyType = 1;
			remoteGlobalIDString = E7A13B001888006C00D79087;
			remoteInfo = HaskellForMac;
		};
/* End PBXContainerItemProxy section */

/* Begin PBXCopyFilesBuildPhase section */
		E70A66CB197CC341006D3514 /* Embed Frameworks */ = {
			isa = PBXCopyFilesBuildPhase;
			buildActionMask = 2147483647;
			dstPath = "";
			dstSubfolderSpec = 10;
			files = (
				E743141219A46F70003A3934 /* CloudcelerateKit.framework in Embed Frameworks */,
				E70A66C5197CC341006D3514 /* GHCKit.framework in Embed Frameworks */,
				E70A6706197E272E006D3514 /* CabalKit.framework in Embed Frameworks */,
			);
			name = "Embed Frameworks";
			runOnlyForDeploymentPostprocessing = 0;
		};
/* End PBXCopyFilesBuildPhase section */

/* Begin PBXFileReference section */
		E70A66AF197CC340006D3514 /* GHCKit.framework */ = {isa = PBXFileReference; explicitFileType = wrapper.framework; includeInIndex = 0; path = GHCKit.framework; sourceTree = BUILT_PRODUCTS_DIR; };
		E70A66D1197CE038006D3514 /* GHCKit.h */ = {isa = PBXFileReference; fileEncoding = 4; lastKnownFileType = sourcecode.c.h; name = GHCKit.h; path = GHCKit/GHCKit.h; sourceTree = SOURCE_ROOT; };
		E70A66D2197CE04B006D3514 /* Info.plist */ = {isa = PBXFileReference; fileEncoding = 4; lastKnownFileType = text.plist.xml; name = Info.plist; path = GHCKit/Info.plist; sourceTree = SOURCE_ROOT; };
		E70A66D8197CE0BE006D3514 /* Interpreter.hs */ = {isa = PBXFileReference; fileEncoding = 4; lastKnownFileType = text; name = Interpreter.hs; path = GHCKit/Interpreter.hs; sourceTree = SOURCE_ROOT; };
		E70A66E5197E0BA2006D3514 /* libiconv.dylib */ = {isa = PBXFileReference; lastKnownFileType = "compiled.mach-o.dylib"; name = libiconv.dylib; path = usr/lib/libiconv.dylib; sourceTree = SDKROOT; };
		E70A66E8197E2420006D3514 /* GHCInstance.hs */ = {isa = PBXFileReference; fileEncoding = 4; lastKnownFileType = text; name = GHCInstance.hs; path = GHCKit/GHCInstance.hs; sourceTree = SOURCE_ROOT; };
		E70A66F0197E272E006D3514 /* CabalKit.framework */ = {isa = PBXFileReference; explicitFileType = wrapper.framework; includeInIndex = 0; path = CabalKit.framework; sourceTree = BUILT_PRODUCTS_DIR; };
		E70A66F3197E272E006D3514 /* Info.plist */ = {isa = PBXFileReference; lastKnownFileType = text.plist.xml; path = Info.plist; sourceTree = "<group>"; };
		E70A66F4197E272E006D3514 /* CabalKit.h */ = {isa = PBXFileReference; lastKnownFileType = sourcecode.c.h; path = CabalKit.h; sourceTree = "<group>"; };
		E70A670F197E279C006D3514 /* CBLPackage.hs */ = {isa = PBXFileReference; fileEncoding = 4; lastKnownFileType = text; path = CBLPackage.hs; sourceTree = "<group>"; };
		E70A6716197E2E0E006D3514 /* libiconv.dylib */ = {isa = PBXFileReference; lastKnownFileType = "compiled.mach-o.dylib"; name = libiconv.dylib; path = Platforms/MacOSX.platform/Developer/SDKs/MacOSX10.10.sdk/usr/lib/libiconv.dylib; sourceTree = DEVELOPER_DIR; };
		E70D409519409AB600CA3455 /* HaskellForMacTests-Bridging-Header.h */ = {isa = PBXFileReference; lastKnownFileType = sourcecode.c.h; path = "HaskellForMacTests-Bridging-Header.h"; sourceTree = "<group>"; };
		E70D409619409AB700CA3455 /* CabalTest.swift */ = {isa = PBXFileReference; fileEncoding = 4; lastKnownFileType = sourcecode.swift; path = CabalTest.swift; sourceTree = "<group>"; };
		E713E3D6189FCCEC00504164 /* PackageHeaderEditor.xib */ = {isa = PBXFileReference; fileEncoding = 4; lastKnownFileType = file.xib; path = PackageHeaderEditor.xib; sourceTree = "<group>"; };
		E713E3D818A491FF00504164 /* HFMProjectViewModel.h */ = {isa = PBXFileReference; fileEncoding = 4; lastKnownFileType = sourcecode.c.h; path = HFMProjectViewModel.h; sourceTree = "<group>"; };
		E713E3D918A491FF00504164 /* HFMProjectViewModel.m */ = {isa = PBXFileReference; fileEncoding = 4; lastKnownFileType = sourcecode.c.objc; path = HFMProjectViewModel.m; sourceTree = "<group>"; };
		E719C7B418E91F5000586434 /* HFMHeaderEditorController.h */ = {isa = PBXFileReference; fileEncoding = 4; lastKnownFileType = sourcecode.c.h; name = HFMHeaderEditorController.h; path = HaskellForMac/HFMHeaderEditorController.h; sourceTree = "<group>"; };
		E719C7B518E91F5000586434 /* HFMHeaderEditorController.m */ = {isa = PBXFileReference; fileEncoding = 4; lastKnownFileType = sourcecode.c.objc; name = HFMHeaderEditorController.m; path = HaskellForMac/HFMHeaderEditorController.m; sourceTree = "<group>"; };
		E71D508419A7065400BD4141 /* Cloudcelerate.hs */ = {isa = PBXFileReference; fileEncoding = 4; lastKnownFileType = text; path = Cloudcelerate.hs; sourceTree = "<group>"; };
		E721D8F319ACA9D100DCBF68 /* GHCToken.h */ = {isa = PBXFileReference; lastKnownFileType = sourcecode.c.h; name = GHCToken.h; path = GHCKit/GHCToken.h; sourceTree = SOURCE_ROOT; };
		E721D8F519AF539600DCBF68 /* GHCToken.m */ = {isa = PBXFileReference; fileEncoding = 4; lastKnownFileType = sourcecode.c.objc; name = GHCToken.m; path = GHCKit/GHCToken.m; sourceTree = SOURCE_ROOT; };
		E721D8F719B354F600DCBF68 /* SyntaxHighlighting.swift */ = {isa = PBXFileReference; fileEncoding = 4; lastKnownFileType = sourcecode.swift; path = SyntaxHighlighting.swift; sourceTree = "<group>"; };
		E7258C491983CA85004789CF /* Experiments.playground */ = {isa = PBXFileReference; lastKnownFileType = file.playground; path = Experiments.playground; sourceTree = "<group>"; };
		E7258C5019879728004789CF /* libHSrts_thr-ghc7.8.0.20140317.dylib */ = {isa = PBXFileReference; lastKnownFileType = "compiled.mach-o.dylib"; name = "libHSrts_thr-ghc7.8.0.20140317.dylib"; path = "../../ghc-7.8/rts/dist/build/libHSrts_thr-ghc7.8.0.20140317.dylib"; sourceTree = "<group>"; };
		E7258C57198A2263004789CF /* Playground.xib */ = {isa = PBXFileReference; fileEncoding = 4; lastKnownFileType = file.xib; path = Playground.xib; sourceTree = "<group>"; };
		E74313FD19A46F70003A3934 /* CloudcelerateKit.framework */ = {isa = PBXFileReference; explicitFileType = wrapper.framework; includeInIndex = 0; path = CloudcelerateKit.framework; sourceTree = BUILT_PRODUCTS_DIR; };
		E743140019A46F70003A3934 /* Info.plist */ = {isa = PBXFileReference; lastKnownFileType = text.plist.xml; path = Info.plist; sourceTree = "<group>"; };
		E743140119A46F70003A3934 /* CloudcelerateKit.h */ = {isa = PBXFileReference; lastKnownFileType = sourcecode.c.h; path = CloudcelerateKit.h; sourceTree = "<group>"; };
		E743140719A46F70003A3934 /* CloudcelerateKitTests.xctest */ = {isa = PBXFileReference; explicitFileType = wrapper.cfbundle; includeInIndex = 0; path = CloudcelerateKitTests.xctest; sourceTree = BUILT_PRODUCTS_DIR; };
		E743140C19A46F70003A3934 /* Info.plist */ = {isa = PBXFileReference; lastKnownFileType = text.plist.xml; path = Info.plist; sourceTree = "<group>"; };
		E743140D19A46F70003A3934 /* CloudcelerateKitTests.swift */ = {isa = PBXFileReference; lastKnownFileType = sourcecode.swift; path = CloudcelerateKitTests.swift; sourceTree = "<group>"; };
		E743141B19A472CA003A3934 /* CloudcelerateSession.swift */ = {isa = PBXFileReference; fileEncoding = 4; lastKnownFileType = sourcecode.swift; path = CloudcelerateSession.swift; sourceTree = "<group>"; };
		E75DD13719A07E0300CDC18F /* StringExtensions.swift */ = {isa = PBXFileReference; fileEncoding = 4; lastKnownFileType = sourcecode.swift; path = StringExtensions.swift; sourceTree = "<group>"; };
		E7A13B011888006C00D79087 /* Haskell.app */ = {isa = PBXFileReference; explicitFileType = wrapper.application; includeInIndex = 0; path = Haskell.app; sourceTree = BUILT_PRODUCTS_DIR; };
		E7A13B041888006C00D79087 /* Cocoa.framework */ = {isa = PBXFileReference; lastKnownFileType = wrapper.framework; name = Cocoa.framework; path = System/Library/Frameworks/Cocoa.framework; sourceTree = SDKROOT; };
		E7A13B071888006C00D79087 /* AppKit.framework */ = {isa = PBXFileReference; lastKnownFileType = wrapper.framework; name = AppKit.framework; path = System/Library/Frameworks/AppKit.framework; sourceTree = SDKROOT; };
		E7A13B081888006C00D79087 /* CoreData.framework */ = {isa = PBXFileReference; lastKnownFileType = wrapper.framework; name = CoreData.framework; path = System/Library/Frameworks/CoreData.framework; sourceTree = SDKROOT; };
		E7A13B091888006C00D79087 /* Foundation.framework */ = {isa = PBXFileReference; lastKnownFileType = wrapper.framework; name = Foundation.framework; path = System/Library/Frameworks/Foundation.framework; sourceTree = SDKROOT; };
		E7A13B0C1888006C00D79087 /* HaskellForMac-Info.plist */ = {isa = PBXFileReference; lastKnownFileType = text.plist.xml; path = "HaskellForMac-Info.plist"; sourceTree = "<group>"; };
		E7A13B0E1888006C00D79087 /* en */ = {isa = PBXFileReference; lastKnownFileType = text.plist.strings; name = en; path = en.lproj/InfoPlist.strings; sourceTree = "<group>"; };
		E7A13B101888006C00D79087 /* main.m */ = {isa = PBXFileReference; lastKnownFileType = sourcecode.c.objc; path = main.m; sourceTree = "<group>"; };
		E7A13B121888006C00D79087 /* HaskellForMac-Prefix.pch */ = {isa = PBXFileReference; lastKnownFileType = sourcecode.c.h; path = "HaskellForMac-Prefix.pch"; sourceTree = "<group>"; };
		E7A13B141888006C00D79087 /* en */ = {isa = PBXFileReference; lastKnownFileType = text.rtf; name = en; path = en.lproj/Credits.rtf; sourceTree = "<group>"; };
		E7A13B161888006C00D79087 /* HFMAppDelegate.h */ = {isa = PBXFileReference; lastKnownFileType = sourcecode.c.h; path = HFMAppDelegate.h; sourceTree = "<group>"; };
		E7A13B171888006C00D79087 /* HFMAppDelegate.m */ = {isa = PBXFileReference; lastKnownFileType = sourcecode.c.objc; path = HFMAppDelegate.m; sourceTree = "<group>"; };
		E7A13B1A1888006C00D79087 /* Base */ = {isa = PBXFileReference; lastKnownFileType = file.xib; name = Base; path = Base.lproj/MainMenu.xib; sourceTree = "<group>"; };
		E7A13B1C1888006C00D79087 /* Images.xcassets */ = {isa = PBXFileReference; lastKnownFileType = folder.assetcatalog; path = Images.xcassets; sourceTree = "<group>"; };
		E7A13B221888006C00D79087 /* HaskellForMacTests.xctest */ = {isa = PBXFileReference; explicitFileType = wrapper.cfbundle; includeInIndex = 0; path = HaskellForMacTests.xctest; sourceTree = BUILT_PRODUCTS_DIR; };
		E7A13B231888006C00D79087 /* XCTest.framework */ = {isa = PBXFileReference; lastKnownFileType = wrapper.framework; name = XCTest.framework; path = Library/Frameworks/XCTest.framework; sourceTree = DEVELOPER_DIR; };
		E7A13B2A1888006C00D79087 /* HaskellForMacTests-Info.plist */ = {isa = PBXFileReference; lastKnownFileType = text.plist.xml; path = "HaskellForMacTests-Info.plist"; sourceTree = "<group>"; };
		E7A13B2C1888006C00D79087 /* en */ = {isa = PBXFileReference; lastKnownFileType = text.plist.strings; name = en; path = en.lproj/InfoPlist.strings; sourceTree = "<group>"; };
		E7A13B2E1888006C00D79087 /* HaskellForMacTests.m */ = {isa = PBXFileReference; lastKnownFileType = sourcecode.c.objc; path = HaskellForMacTests.m; sourceTree = "<group>"; };
		E7A13B381888D1C000D79087 /* HFMProject.h */ = {isa = PBXFileReference; fileEncoding = 4; lastKnownFileType = sourcecode.c.h; path = HFMProject.h; sourceTree = "<group>"; };
		E7A13B391888D1C000D79087 /* HFMProject.m */ = {isa = PBXFileReference; fileEncoding = 4; lastKnownFileType = sourcecode.c.objc; path = HFMProject.m; sourceTree = "<group>"; };
		E7A13B45188E7BED00D79087 /* HFMWindowController.h */ = {isa = PBXFileReference; fileEncoding = 4; lastKnownFileType = sourcecode.c.h; path = HFMWindowController.h; sourceTree = "<group>"; };
		E7A13B46188E7BED00D79087 /* HFMWindowController.m */ = {isa = PBXFileReference; fileEncoding = 4; lastKnownFileType = sourcecode.c.objc; path = HFMWindowController.m; sourceTree = "<group>"; };
		E7A13B47188E7BED00D79087 /* ProjectWindow.xib */ = {isa = PBXFileReference; fileEncoding = 4; lastKnownFileType = file.xib; path = ProjectWindow.xib; sourceTree = "<group>"; };
		E7AD6223198F28FD00AFF324 /* TextEditorController.swift */ = {isa = PBXFileReference; fileEncoding = 4; lastKnownFileType = sourcecode.swift; path = TextEditorController.swift; sourceTree = "<group>"; };
		E7B0AB001990B4890057FAD5 /* TextGutterView.swift */ = {isa = PBXFileReference; fileEncoding = 4; lastKnownFileType = sourcecode.swift; path = TextGutterView.swift; sourceTree = "<group>"; };
		E7C5766019948C3000E6AAE0 /* Diagnostics.swift */ = {isa = PBXFileReference; fileEncoding = 4; lastKnownFileType = sourcecode.swift; path = Diagnostics.swift; sourceTree = "<group>"; };
		E7CBF5AC194A894000EF60F1 /* HFMProjectViewModelItem.h */ = {isa = PBXFileReference; fileEncoding = 4; lastKnownFileType = sourcecode.c.h; path = HFMProjectViewModelItem.h; sourceTree = "<group>"; };
		E7CBF5AD194A894000EF60F1 /* HFMProjectViewModelItem.m */ = {isa = PBXFileReference; fileEncoding = 4; lastKnownFileType = sourcecode.c.objc; path = HFMProjectViewModelItem.m; sourceTree = "<group>"; };
		E7CC640019999C3E00D8E1CD /* GHCSeverity.h */ = {isa = PBXFileReference; fileEncoding = 4; lastKnownFileType = sourcecode.c.h; name = GHCSeverity.h; path = GHCKit/GHCSeverity.h; sourceTree = SOURCE_ROOT; };
		E7CC64021999B4DD00D8E1CD /* ContextController.swift */ = {isa = PBXFileReference; fileEncoding = 4; lastKnownFileType = sourcecode.swift; path = ContextController.swift; sourceTree = "<group>"; };
		E7CC6404199DACA900D8E1CD /* DiagnosticsPopover.xib */ = {isa = PBXFileReference; fileEncoding = 4; lastKnownFileType = file.xib; path = DiagnosticsPopover.xib; sourceTree = "<group>"; };
		E7ED6895198FAF4100A1E8FE /* TextEditor.xib */ = {isa = PBXFileReference; fileEncoding = 4; lastKnownFileType = file.xib; path = TextEditor.xib; sourceTree = "<group>"; };
		E7F7988C198A610F0063294F /* HaskellForMac-Bridging-Header.h */ = {isa = PBXFileReference; lastKnownFileType = sourcecode.c.h; path = "HaskellForMac-Bridging-Header.h"; sourceTree = "<group>"; };
		E7F7988D198A610F0063294F /* PlaygroundController.swift */ = {isa = PBXFileReference; fileEncoding = 4; lastKnownFileType = sourcecode.swift; path = PlaygroundController.swift; sourceTree = "<group>"; };
		E7F79895198B06850063294F /* SynchroScrollView.swift */ = {isa = PBXFileReference; fileEncoding = 4; lastKnownFileType = sourcecode.swift; path = SynchroScrollView.swift; sourceTree = "<group>"; };
		E7F79897198B3A010063294F /* HaskellSession.swift */ = {isa = PBXFileReference; fileEncoding = 4; lastKnownFileType = sourcecode.swift; path = HaskellSession.swift; sourceTree = "<group>"; };
/* End PBXFileReference section */

/* Begin PBXFrameworksBuildPhase section */
		E70A66AB197CC340006D3514 /* Frameworks */ = {
			isa = PBXFrameworksBuildPhase;
			buildActionMask = 2147483647;
			files = (
				E70A66E6197E0BA2006D3514 /* libiconv.dylib in Frameworks */,
			);
			runOnlyForDeploymentPostprocessing = 0;
		};
		E70A66EC197E272E006D3514 /* Frameworks */ = {
			isa = PBXFrameworksBuildPhase;
			buildActionMask = 2147483647;
			files = (
				E70A6717197E2E0E006D3514 /* libiconv.dylib in Frameworks */,
			);
			runOnlyForDeploymentPostprocessing = 0;
		};
		E74313F919A46F70003A3934 /* Frameworks */ = {
			isa = PBXFrameworksBuildPhase;
			buildActionMask = 2147483647;
			files = (
			);
			runOnlyForDeploymentPostprocessing = 0;
		};
		E743140419A46F70003A3934 /* Frameworks */ = {
			isa = PBXFrameworksBuildPhase;
			buildActionMask = 2147483647;
			files = (
			);
			runOnlyForDeploymentPostprocessing = 0;
		};
		E7A13AFE1888006C00D79087 /* Frameworks */ = {
			isa = PBXFrameworksBuildPhase;
			buildActionMask = 2147483647;
			files = (
				E70A6705197E272E006D3514 /* CabalKit.framework in Frameworks */,
				E70A66C4197CC341006D3514 /* GHCKit.framework in Frameworks */,
				E743141119A46F70003A3934 /* CloudcelerateKit.framework in Frameworks */,
				E7A13B051888006C00D79087 /* Cocoa.framework in Frameworks */,
			);
			runOnlyForDeploymentPostprocessing = 0;
		};
		E7A13B1F1888006C00D79087 /* Frameworks */ = {
			isa = PBXFrameworksBuildPhase;
			buildActionMask = 2147483647;
			files = (
				E7258C4B1983CB72004789CF /* CabalKit.framework in Frameworks */,
				E7258C4A1983CB6D004789CF /* GHCKit.framework in Frameworks */,
				E7A13B251888006C00D79087 /* Cocoa.framework in Frameworks */,
			);
			runOnlyForDeploymentPostprocessing = 0;
		};
/* End PBXFrameworksBuildPhase section */

/* Begin PBXGroup section */
		E70A66B0197CC341006D3514 /* GHCKit */ = {
			isa = PBXGroup;
			children = (
				E7CC640019999C3E00D8E1CD /* GHCSeverity.h */,
				E721D8F319ACA9D100DCBF68 /* GHCToken.h */,
				E721D8F519AF539600DCBF68 /* GHCToken.m */,
				E70A66E8197E2420006D3514 /* GHCInstance.hs */,
				E70A66D8197CE0BE006D3514 /* Interpreter.hs */,
				E70A66D1197CE038006D3514 /* GHCKit.h */,
				E70A66B1197CC341006D3514 /* Supporting Files */,
			);
			name = GHCKit;
			path = GHCFramework;
			sourceTree = "<group>";
		};
		E70A66B1197CC341006D3514 /* Supporting Files */ = {
			isa = PBXGroup;
			children = (
				E70A66D2197CE04B006D3514 /* Info.plist */,
			);
			name = "Supporting Files";
			sourceTree = "<group>";
		};
		E70A66F1197E272E006D3514 /* CabalKit */ = {
			isa = PBXGroup;
			children = (
				E70A670F197E279C006D3514 /* CBLPackage.hs */,
				E70A66F4197E272E006D3514 /* CabalKit.h */,
				E70A66F2197E272E006D3514 /* Supporting Files */,
			);
			path = CabalKit;
			sourceTree = "<group>";
		};
		E70A66F2197E272E006D3514 /* Supporting Files */ = {
			isa = PBXGroup;
			children = (
				E70A66F3197E272E006D3514 /* Info.plist */,
			);
			name = "Supporting Files";
			sourceTree = "<group>";
		};
		E719C7B718E91F8B00586434 /* PackageHeaderEditor */ = {
			isa = PBXGroup;
			children = (
				E719C7B418E91F5000586434 /* HFMHeaderEditorController.h */,
				E719C7B518E91F5000586434 /* HFMHeaderEditorController.m */,
			);
			name = PackageHeaderEditor;
			path = ..;
			sourceTree = "<group>";
		};
		E719C7B818E9285000586434 /* TextEditor */ = {
			isa = PBXGroup;
			children = (
				E721D8F719B354F600DCBF68 /* SyntaxHighlighting.swift */,
				E7B0AB001990B4890057FAD5 /* TextGutterView.swift */,
				E7AD6223198F28FD00AFF324 /* TextEditorController.swift */,
			);
			name = TextEditor;
			sourceTree = "<group>";
		};
		E74313FE19A46F70003A3934 /* CloudcelerateKit */ = {
			isa = PBXGroup;
			children = (
				E71D508419A7065400BD4141 /* Cloudcelerate.hs */,
				E743140119A46F70003A3934 /* CloudcelerateKit.h */,
				E74313FF19A46F70003A3934 /* Supporting Files */,
				E743141B19A472CA003A3934 /* CloudcelerateSession.swift */,
			);
			path = CloudcelerateKit;
			sourceTree = "<group>";
		};
		E74313FF19A46F70003A3934 /* Supporting Files */ = {
			isa = PBXGroup;
			children = (
				E743140019A46F70003A3934 /* Info.plist */,
			);
			name = "Supporting Files";
			sourceTree = "<group>";
		};
		E743140A19A46F70003A3934 /* CloudcelerateKitTests */ = {
			isa = PBXGroup;
			children = (
				E743140D19A46F70003A3934 /* CloudcelerateKitTests.swift */,
				E743140B19A46F70003A3934 /* Supporting Files */,
			);
			path = CloudcelerateKitTests;
			sourceTree = "<group>";
		};
		E743140B19A46F70003A3934 /* Supporting Files */ = {
			isa = PBXGroup;
			children = (
				E743140C19A46F70003A3934 /* Info.plist */,
			);
			name = "Supporting Files";
			sourceTree = "<group>";
		};
		E7A13AF81888006C00D79087 = {
			isa = PBXGroup;
			children = (
				E7A13B0A1888006C00D79087 /* HaskellForMac */,
				E70A66B0197CC341006D3514 /* GHCKit */,
				E70A66F1197E272E006D3514 /* CabalKit */,
				E74313FE19A46F70003A3934 /* CloudcelerateKit */,
				E7A13B281888006C00D79087 /* HaskellForMacTests */,
				E743140A19A46F70003A3934 /* CloudcelerateKitTests */,
				E7A13B031888006C00D79087 /* Frameworks */,
				E7A13B021888006C00D79087 /* Products */,
			);
			sourceTree = "<group>";
		};
		E7A13B021888006C00D79087 /* Products */ = {
			isa = PBXGroup;
			children = (
				E7A13B011888006C00D79087 /* Haskell.app */,
				E7A13B221888006C00D79087 /* HaskellForMacTests.xctest */,
				E70A66AF197CC340006D3514 /* GHCKit.framework */,
				E70A66F0197E272E006D3514 /* CabalKit.framework */,
				E74313FD19A46F70003A3934 /* CloudcelerateKit.framework */,
				E743140719A46F70003A3934 /* CloudcelerateKitTests.xctest */,
			);
			name = Products;
			sourceTree = "<group>";
		};
		E7A13B031888006C00D79087 /* Frameworks */ = {
			isa = PBXGroup;
			children = (
				E7258C5019879728004789CF /* libHSrts_thr-ghc7.8.0.20140317.dylib */,
				E70A6716197E2E0E006D3514 /* libiconv.dylib */,
				E70A66E5197E0BA2006D3514 /* libiconv.dylib */,
				E7A13B041888006C00D79087 /* Cocoa.framework */,
				E7A13B231888006C00D79087 /* XCTest.framework */,
				E7A13B061888006C00D79087 /* Other Frameworks */,
			);
			name = Frameworks;
			sourceTree = "<group>";
		};
		E7A13B061888006C00D79087 /* Other Frameworks */ = {
			isa = PBXGroup;
			children = (
				E7A13B071888006C00D79087 /* AppKit.framework */,
				E7A13B081888006C00D79087 /* CoreData.framework */,
				E7A13B091888006C00D79087 /* Foundation.framework */,
			);
			name = "Other Frameworks";
			sourceTree = "<group>";
		};
		E7A13B0A1888006C00D79087 /* HaskellForMac */ = {
			isa = PBXGroup;
			children = (
				E75DD13719A07E0300CDC18F /* StringExtensions.swift */,
				E7A13B161888006C00D79087 /* HFMAppDelegate.h */,
				E7A13B171888006C00D79087 /* HFMAppDelegate.m */,
				E7A13B45188E7BED00D79087 /* HFMWindowController.h */,
				E7A13B46188E7BED00D79087 /* HFMWindowController.m */,
				E7CC64021999B4DD00D8E1CD /* ContextController.swift */,
				E7C5765E19948B3A00E6AAE0 /* Projects */,
				E719C7B718E91F8B00586434 /* PackageHeaderEditor */,
				E719C7B818E9285000586434 /* TextEditor */,
				E7F7988B198A609B0063294F /* Playground */,
				E7C5765F19948BA800E6AAE0 /* Processor */,
				E7A13B4A188E7F1C00D79087 /* Interfaces */,
				E7A13B0B1888006C00D79087 /* Supporting Files */,
				E7A13B1C1888006C00D79087 /* Images.xcassets */,
			);
			path = HaskellForMac;
			sourceTree = "<group>";
		};
		E7A13B0B1888006C00D79087 /* Supporting Files */ = {
			isa = PBXGroup;
			children = (
				E7F7988C198A610F0063294F /* HaskellForMac-Bridging-Header.h */,
				E7A13B0C1888006C00D79087 /* HaskellForMac-Info.plist */,
				E7A13B0D1888006C00D79087 /* InfoPlist.strings */,
				E7A13B101888006C00D79087 /* main.m */,
				E7A13B121888006C00D79087 /* HaskellForMac-Prefix.pch */,
				E7A13B131888006C00D79087 /* Credits.rtf */,
			);
			name = "Supporting Files";
			sourceTree = "<group>";
		};
		E7A13B281888006C00D79087 /* HaskellForMacTests */ = {
			isa = PBXGroup;
			children = (
				E70D409619409AB700CA3455 /* CabalTest.swift */,
				E7A13B2E1888006C00D79087 /* HaskellForMacTests.m */,
				E7A13B291888006C00D79087 /* Supporting Files */,
				E70D409519409AB600CA3455 /* HaskellForMacTests-Bridging-Header.h */,
				E7258C491983CA85004789CF /* Experiments.playground */,
			);
			path = HaskellForMacTests;
			sourceTree = "<group>";
		};
		E7A13B291888006C00D79087 /* Supporting Files */ = {
			isa = PBXGroup;
			children = (
				E7A13B2A1888006C00D79087 /* HaskellForMacTests-Info.plist */,
				E7A13B2B1888006C00D79087 /* InfoPlist.strings */,
			);
			name = "Supporting Files";
			sourceTree = "<group>";
		};
		E7A13B4A188E7F1C00D79087 /* Interfaces */ = {
			isa = PBXGroup;
			children = (
				E7A13B191888006C00D79087 /* MainMenu.xib */,
				E7A13B47188E7BED00D79087 /* ProjectWindow.xib */,
				E713E3D6189FCCEC00504164 /* PackageHeaderEditor.xib */,
				E7258C57198A2263004789CF /* Playground.xib */,
				E7ED6895198FAF4100A1E8FE /* TextEditor.xib */,
				E7CC6404199DACA900D8E1CD /* DiagnosticsPopover.xib */,
			);
			name = Interfaces;
			sourceTree = "<group>";
		};
		E7C5765E19948B3A00E6AAE0 /* Projects */ = {
			isa = PBXGroup;
			children = (
				E7A13B381888D1C000D79087 /* HFMProject.h */,
				E7A13B391888D1C000D79087 /* HFMProject.m */,
				E7CBF5AC194A894000EF60F1 /* HFMProjectViewModelItem.h */,
				E7CBF5AD194A894000EF60F1 /* HFMProjectViewModelItem.m */,
				E713E3D818A491FF00504164 /* HFMProjectViewModel.h */,
				E713E3D918A491FF00504164 /* HFMProjectViewModel.m */,
			);
			name = Projects;
			sourceTree = "<group>";
		};
		E7C5765F19948BA800E6AAE0 /* Processor */ = {
			isa = PBXGroup;
			children = (
				E7F79897198B3A010063294F /* HaskellSession.swift */,
				E7C5766019948C3000E6AAE0 /* Diagnostics.swift */,
			);
			name = Processor;
			sourceTree = "<group>";
		};
		E7F7988B198A609B0063294F /* Playground */ = {
			isa = PBXGroup;
			children = (
				E7F7988D198A610F0063294F /* PlaygroundController.swift */,
				E7F79895198B06850063294F /* SynchroScrollView.swift */,
			);
			name = Playground;
			sourceTree = "<group>";
		};
/* End PBXGroup section */

/* Begin PBXHeadersBuildPhase section */
		E70A66ED197E272E006D3514 /* Headers */ = {
			isa = PBXHeadersBuildPhase;
			buildActionMask = 2147483647;
			files = (
				E70A66F5197E272E006D3514 /* CabalKit.h in Headers */,
			);
			runOnlyForDeploymentPostprocessing = 0;
		};
		E70A6712197E285A006D3514 /* Headers */ = {
			isa = PBXHeadersBuildPhase;
			buildActionMask = 2147483647;
			files = (
				E7CC640119999C3E00D8E1CD /* GHCSeverity.h in Headers */,
				E70A6713197E286D006D3514 /* GHCKit.h in Headers */,
				E721D8F419ACB3C500DCBF68 /* GHCToken.h in Headers */,
			);
			runOnlyForDeploymentPostprocessing = 0;
		};
		E74313FA19A46F70003A3934 /* Headers */ = {
			isa = PBXHeadersBuildPhase;
			buildActionMask = 2147483647;
			files = (
				E743140219A46F70003A3934 /* CloudcelerateKit.h in Headers */,
			);
			runOnlyForDeploymentPostprocessing = 0;
		};
/* End PBXHeadersBuildPhase section */

/* Begin PBXNativeTarget section */
		E70A66AE197CC340006D3514 /* GHCKit */ = {
			isa = PBXNativeTarget;
			buildConfigurationList = E70A66C8197CC341006D3514 /* Build configuration list for PBXNativeTarget "GHCKit" */;
			buildPhases = (
				E70A66DC197DEB45006D3514 /* ShellScript */,
				E70A66E2197DF7A3006D3514 /* Sources */,
				E70A66AB197CC340006D3514 /* Frameworks */,
				E70A6712197E285A006D3514 /* Headers */,
				E731EA4D197F76940083F6C8 /* ShellScript */,
				E70A66AD197CC340006D3514 /* Resources */,
			);
			buildRules = (
				E70A66E0197DF66C006D3514 /* PBXBuildRule */,
			);
			dependencies = (
			);
			name = GHCKit;
			productName = GHCFramework;
			productReference = E70A66AF197CC340006D3514 /* GHCKit.framework */;
			productType = "com.apple.product-type.framework";
		};
		E70A66EF197E272E006D3514 /* CabalKit */ = {
			isa = PBXNativeTarget;
			buildConfigurationList = E70A6709197E272E006D3514 /* Build configuration list for PBXNativeTarget "CabalKit" */;
			buildPhases = (
				E70A6715197E2924006D3514 /* ShellScript */,
				E70A66EB197E272E006D3514 /* Sources */,
				E70A66EC197E272E006D3514 /* Frameworks */,
				E70A66ED197E272E006D3514 /* Headers */,
				E731EA4F197F825D0083F6C8 /* ShellScript */,
				E70A66EE197E272E006D3514 /* Resources */,
			);
			buildRules = (
				E70A6711197E2822006D3514 /* PBXBuildRule */,
			);
			dependencies = (
			);
			name = CabalKit;
			productName = CabalKit;
			productReference = E70A66F0197E272E006D3514 /* CabalKit.framework */;
			productType = "com.apple.product-type.framework";
		};
		E74313FC19A46F70003A3934 /* CloudcelerateKit */ = {
			isa = PBXNativeTarget;
			buildConfigurationList = E743141919A46F70003A3934 /* Build configuration list for PBXNativeTarget "CloudcelerateKit" */;
			buildPhases = (
				E74313F819A46F70003A3934 /* Sources */,
				E74313F919A46F70003A3934 /* Frameworks */,
				E74313FA19A46F70003A3934 /* Headers */,
				E74313FB19A46F70003A3934 /* Resources */,
			);
			buildRules = (
			);
			dependencies = (
			);
			name = CloudcelerateKit;
			productName = CloudcelerateKit;
			productReference = E74313FD19A46F70003A3934 /* CloudcelerateKit.framework */;
			productType = "com.apple.product-type.framework";
		};
		E743140619A46F70003A3934 /* CloudcelerateKitTests */ = {
			isa = PBXNativeTarget;
			buildConfigurationList = E743141A19A46F70003A3934 /* Build configuration list for PBXNativeTarget "CloudcelerateKitTests" */;
			buildPhases = (
				E743140319A46F70003A3934 /* Sources */,
				E743140419A46F70003A3934 /* Frameworks */,
				E743140519A46F70003A3934 /* Resources */,
			);
			buildRules = (
			);
			dependencies = (
				E743140919A46F70003A3934 /* PBXTargetDependency */,
			);
			name = CloudcelerateKitTests;
			productName = CloudcelerateKitTests;
			productReference = E743140719A46F70003A3934 /* CloudcelerateKitTests.xctest */;
			productType = "com.apple.product-type.bundle.unit-test";
		};
		E7A13B001888006C00D79087 /* HaskellForMac */ = {
			isa = PBXNativeTarget;
			buildConfigurationList = E7A13B321888006C00D79087 /* Build configuration list for PBXNativeTarget "HaskellForMac" */;
			buildPhases = (
				E7A13AFD1888006C00D79087 /* Sources */,
				E7A13AFE1888006C00D79087 /* Frameworks */,
				E7A13AFF1888006C00D79087 /* Resources */,
				E70A66CB197CC341006D3514 /* Embed Frameworks */,
			);
			buildRules = (
			);
			dependencies = (
				E70A66C3197CC341006D3514 /* PBXTargetDependency */,
				E70A66C7197CC341006D3514 /* PBXTargetDependency */,
				E70A6704197E272E006D3514 /* PBXTargetDependency */,
				E70A6708197E272E006D3514 /* PBXTargetDependency */,
				E743141019A46F70003A3934 /* PBXTargetDependency */,
				E743141419A46F70003A3934 /* PBXTargetDependency */,
			);
			name = HaskellForMac;
			productName = HaskellForMac;
			productReference = E7A13B011888006C00D79087 /* Haskell.app */;
			productType = "com.apple.product-type.application";
		};
		E7A13B211888006C00D79087 /* HaskellForMacTests */ = {
			isa = PBXNativeTarget;
			buildConfigurationList = E7A13B351888006C00D79087 /* Build configuration list for PBXNativeTarget "HaskellForMacTests" */;
			buildPhases = (
				E7A13B1E1888006C00D79087 /* Sources */,
				E7A13B1F1888006C00D79087 /* Frameworks */,
				E7A13B201888006C00D79087 /* Resources */,
			);
			buildRules = (
			);
			dependencies = (
				E7A13B271888006C00D79087 /* PBXTargetDependency */,
				E7142E3D19415EFF00DB5295 /* PBXTargetDependency */,
				E7142E3F19415F0100DB5295 /* PBXTargetDependency */,
				E75DD13A19A212A600CDC18F /* PBXTargetDependency */,
			);
			name = HaskellForMacTests;
			productName = HaskellForMacTests;
			productReference = E7A13B221888006C00D79087 /* HaskellForMacTests.xctest */;
			productType = "com.apple.product-type.bundle.unit-test";
		};
/* End PBXNativeTarget section */

/* Begin PBXProject section */
		E7A13AF91888006C00D79087 /* Project object */ = {
			isa = PBXProject;
			attributes = {
				CLASSPREFIX = HFM;
				LastUpgradeCheck = 0600;
				ORGANIZATIONNAME = "Manuel M T Chakravarty";
				TargetAttributes = {
					E70A66AE197CC340006D3514 = {
						CreatedOnToolsVersion = 6.0;
						DevelopmentTeam = Z3JA6XMHD3;
					};
					E70A66EF197E272E006D3514 = {
						CreatedOnToolsVersion = 6.0;
						DevelopmentTeam = Z3JA6XMHD3;
					};
					E74313FC19A46F70003A3934 = {
						CreatedOnToolsVersion = 6.0;
						DevelopmentTeam = Z3JA6XMHD3;
					};
					E743140619A46F70003A3934 = {
						CreatedOnToolsVersion = 6.0;
						TestTargetID = E7A13B001888006C00D79087;
					};
					E7A13B001888006C00D79087 = {
						DevelopmentTeam = Z3JA6XMHD3;
					};
					E7A13B211888006C00D79087 = {
						DevelopmentTeam = Z3JA6XMHD3;
						TestTargetID = E7A13B001888006C00D79087;
					};
				};
			};
			buildConfigurationList = E7A13AFC1888006C00D79087 /* Build configuration list for PBXProject "HaskellForMac" */;
			compatibilityVersion = "Xcode 3.2";
			developmentRegion = English;
			hasScannedForEncodings = 0;
			knownRegions = (
				en,
				Base,
			);
			mainGroup = E7A13AF81888006C00D79087;
			productRefGroup = E7A13B021888006C00D79087 /* Products */;
			projectDirPath = "";
			projectRoot = "";
			targets = (
				E7A13B001888006C00D79087 /* HaskellForMac */,
				E70A66AE197CC340006D3514 /* GHCKit */,
				E70A66EF197E272E006D3514 /* CabalKit */,
				E74313FC19A46F70003A3934 /* CloudcelerateKit */,
				E7A13B211888006C00D79087 /* HaskellForMacTests */,
				E743140619A46F70003A3934 /* CloudcelerateKitTests */,
			);
		};
/* End PBXProject section */

/* Begin PBXResourcesBuildPhase section */
		E70A66AD197CC340006D3514 /* Resources */ = {
			isa = PBXResourcesBuildPhase;
			buildActionMask = 2147483647;
			files = (
			);
			runOnlyForDeploymentPostprocessing = 0;
		};
		E70A66EE197E272E006D3514 /* Resources */ = {
			isa = PBXResourcesBuildPhase;
			buildActionMask = 2147483647;
			files = (
			);
			runOnlyForDeploymentPostprocessing = 0;
		};
		E74313FB19A46F70003A3934 /* Resources */ = {
			isa = PBXResourcesBuildPhase;
			buildActionMask = 2147483647;
			files = (
				E71D508519A7065400BD4141 /* Cloudcelerate.hs in Resources */,
			);
			runOnlyForDeploymentPostprocessing = 0;
		};
		E743140519A46F70003A3934 /* Resources */ = {
			isa = PBXResourcesBuildPhase;
			buildActionMask = 2147483647;
			files = (
			);
			runOnlyForDeploymentPostprocessing = 0;
		};
		E7A13AFF1888006C00D79087 /* Resources */ = {
			isa = PBXResourcesBuildPhase;
			buildActionMask = 2147483647;
			files = (
				E7A13B0F1888006C00D79087 /* InfoPlist.strings in Resources */,
				E70A66D3197CE04B006D3514 /* Info.plist in Resources */,
				E7A13B49188E7BED00D79087 /* ProjectWindow.xib in Resources */,
				E7CC6405199DACA900D8E1CD /* DiagnosticsPopover.xib in Resources */,
				E7258C58198A2263004789CF /* Playground.xib in Resources */,
				E7A13B1D1888006C00D79087 /* Images.xcassets in Resources */,
				E713E3D7189FCCEC00504164 /* PackageHeaderEditor.xib in Resources */,
				E7A13B151888006C00D79087 /* Credits.rtf in Resources */,
				E731EA4E197F7B470083F6C8 /* MainMenu.xib in Resources */,
				E7ED6896198FAF4100A1E8FE /* TextEditor.xib in Resources */,
			);
			runOnlyForDeploymentPostprocessing = 0;
		};
		E7A13B201888006C00D79087 /* Resources */ = {
			isa = PBXResourcesBuildPhase;
			buildActionMask = 2147483647;
			files = (
				E7A13B2D1888006C00D79087 /* InfoPlist.strings in Resources */,
			);
			runOnlyForDeploymentPostprocessing = 0;
		};
/* End PBXResourcesBuildPhase section */

/* Begin PBXShellScriptBuildPhase section */
		E70A66DC197DEB45006D3514 /* ShellScript */ = {
			isa = PBXShellScriptBuildPhase;
			buildActionMask = 2147483647;
			files = (
			);
			inputPaths = (
				"$(SRCROOT)/GHCKit/GHCInstance.hs",
				"$(SRCROOT)/GHCKit/Interpreter.hs",
			);
			outputPaths = (
				"$(DERIVED_FILE_DIR)/GHCInstance_objc.h",
				"$(DERIVED_FILE_DIR)/GHCInstance_objc.m",
				"$(BUILT_PRODUCTS_DIR)/$(EXECUTABLE_FOLDER_PATH)/Libraries/$(TARGET_NAME).dylib",
			);
			runOnlyForDeploymentPostprocessing = 0;
			shellPath = /bin/sh;
			shellScript = "# We need a Libraries/ directory in the framework for the GHC produced dylib\n/bin/mkdir -p ${BUILT_PRODUCTS_DIR}/${EXECUTABLE_FOLDER_PATH}/Libraries\n/bin/ln -sfh Versions/Current/Libraries ${BUILT_PRODUCTS_DIR}/${FULL_PRODUCT_NAME}/Libraries\n\n# Compile all Haskell code in this target and generate .h/.m from all inline Objective-C.\n# Generate a static library from all objects produced by GHC.\nif ghc-7.8.3 -threaded -dynamic -shared -dylib-install-name @rpath/${EXECUTABLE_FOLDER_PATH}/Libraries/${TARGET_NAME}.dylib -O -package ghc -outputdir ${DERIVED_FILE_DIR} -odir ${OBJECT_FILE_DIR}-${CURRENT_VARIANT}/${CURRENT_ARCH} -o ${BUILT_PRODUCTS_DIR}/${EXECUTABLE_FOLDER_PATH}/Libraries/${TARGET_NAME}.dylib -i${SRCROOT}/GHCKit -i${DERIVED_FILE_DIR} --make ${SCRIPT_INPUT_FILE_0};\nthen\n  files=`ls ${SRCROOT}/GHCKit/*_objc.{h,m} 2>/dev/null`\n  if [ -n \"$files\" ];\n  then\n    mv -v $files ${DERIVED_FILE_DIR}\n  fi\nelse\n  exit 1\nfi";
		};
		E70A6715197E2924006D3514 /* ShellScript */ = {
			isa = PBXShellScriptBuildPhase;
			buildActionMask = 2147483647;
			files = (
			);
			inputPaths = (
				"$(SRCROOT)/CabalKit/CBLPackage.hs",
			);
			outputPaths = (
				"$(DERIVED_FILE_DIR)/CBLPackage_objc.h",
				"$(DERIVED_FILE_DIR)/CBLPackage_objc.m",
				"$(BUILT_PRODUCTS_DIR)/$(EXECUTABLE_FOLDER_PATH)/Libraries/$(TARGET_NAME).dylib",
			);
			runOnlyForDeploymentPostprocessing = 0;
			shellPath = /bin/sh;
			shellScript = "# We need a Libraries/ directory in the framework for the GHC produced dylib\n/bin/mkdir -p ${BUILT_PRODUCTS_DIR}/${EXECUTABLE_FOLDER_PATH}/Libraries\n/bin/ln -sfh Versions/Current/Libraries ${BUILT_PRODUCTS_DIR}/${FULL_PRODUCT_NAME}/Libraries\n\n# Compile all Haskell code in this target and generate .h/.m from all inline Objective-C.\n# Generate a static library from all objects produced by GHC.\nif ghc-7.8.3 -threaded -dynamic -shared -dylib-install-name @rpath/${EXECUTABLE_FOLDER_PATH}/Libraries/${TARGET_NAME}.dylib -O -package ghc -outputdir ${DERIVED_FILE_DIR} -odir ${OBJECT_FILE_DIR}-${CURRENT_VARIANT}/${CURRENT_ARCH} -o ${BUILT_PRODUCTS_DIR}/${EXECUTABLE_FOLDER_PATH}/Libraries/${TARGET_NAME}.dylib -i${SRCROOT}/GHCKit -i${DERIVED_FILE_DIR} --make ${SCRIPT_INPUT_FILE_0};\nthen\n  files=`ls ${SRCROOT}/CabalKit/*_objc.{h,m} 2>/dev/null`\n  if [ -n \"$files\" ];\n  then\n    mv -v $files ${DERIVED_FILE_DIR}\n  fi\nelse\n  exit 1\nfi";
		};
		E731EA4D197F76940083F6C8 /* ShellScript */ = {
			isa = PBXShellScriptBuildPhase;
			buildActionMask = 2147483647;
			files = (
			);
			inputPaths = (
			);
			outputPaths = (
			);
			runOnlyForDeploymentPostprocessing = 0;
			shellPath = /bin/sh;
			shellScript = "# Copy all public generated headers to the framework's 'Headers' directory\nif [ ${DERIVED_FILE_DIR}/GHCInstance_objc.h -nt ${BUILT_PRODUCTS_DIR}/${PUBLIC_HEADERS_FOLDER_PATH}/GHCInstance_objc.h ];\nthen\ncp ${DERIVED_FILE_DIR}/GHCInstance_objc.h ${BUILT_PRODUCTS_DIR}/${PUBLIC_HEADERS_FOLDER_PATH}/\nfi";
		};
		E731EA4F197F825D0083F6C8 /* ShellScript */ = {
			isa = PBXShellScriptBuildPhase;
			buildActionMask = 2147483647;
			files = (
			);
			inputPaths = (
			);
			outputPaths = (
			);
			runOnlyForDeploymentPostprocessing = 0;
			shellPath = /bin/sh;
			shellScript = "# Copy all public generated headers to the framework's 'Headers' directory\nif [ ${DERIVED_FILE_DIR}/CBLPackage_objc.h -nt ${BUILT_PRODUCTS_DIR}/${PUBLIC_HEADERS_FOLDER_PATH}/CBLPackage_objc.h ];\nthen\n  cp ${DERIVED_FILE_DIR}/CBLPackage_objc.h ${BUILT_PRODUCTS_DIR}/${PUBLIC_HEADERS_FOLDER_PATH}/\nfi";
		};
/* End PBXShellScriptBuildPhase section */

/* Begin PBXSourcesBuildPhase section */
		E70A66E2197DF7A3006D3514 /* Sources */ = {
			isa = PBXSourcesBuildPhase;
			buildActionMask = 2147483647;
			files = (
				E721D8F619AF539600DCBF68 /* GHCToken.m in Sources */,
				E70A66EA197E24B0006D3514 /* GHCInstance.hs in Sources */,
			);
			runOnlyForDeploymentPostprocessing = 0;
		};
		E70A66EB197E272E006D3514 /* Sources */ = {
			isa = PBXSourcesBuildPhase;
			buildActionMask = 2147483647;
			files = (
				E70A6714197E2918006D3514 /* CBLPackage.hs in Sources */,
			);
			runOnlyForDeploymentPostprocessing = 0;
		};
		E74313F819A46F70003A3934 /* Sources */ = {
			isa = PBXSourcesBuildPhase;
			buildActionMask = 2147483647;
			files = (
				E743141C19A472CA003A3934 /* CloudcelerateSession.swift in Sources */,
			);
			runOnlyForDeploymentPostprocessing = 0;
		};
		E743140319A46F70003A3934 /* Sources */ = {
			isa = PBXSourcesBuildPhase;
			buildActionMask = 2147483647;
			files = (
				E743140E19A46F70003A3934 /* CloudcelerateKitTests.swift in Sources */,
			);
			runOnlyForDeploymentPostprocessing = 0;
		};
		E7A13AFD1888006C00D79087 /* Sources */ = {
			isa = PBXSourcesBuildPhase;
			buildActionMask = 2147483647;
			files = (
				E721D8F819B354F600DCBF68 /* SyntaxHighlighting.swift in Sources */,
				E713E3DA18A491FF00504164 /* HFMProjectViewModel.m in Sources */,
				E7A13B3A1888D1C000D79087 /* HFMProject.m in Sources */,
				E7C5766119948C3000E6AAE0 /* Diagnostics.swift in Sources */,
				E7CC64031999B4DD00D8E1CD /* ContextController.swift in Sources */,
				E719C7B618E91F5000586434 /* HFMHeaderEditorController.m in Sources */,
				E7CBF5AE194A894000EF60F1 /* HFMProjectViewModelItem.m in Sources */,
				E7A13B181888006C00D79087 /* HFMAppDelegate.m in Sources */,
				E7F7988E198A610F0063294F /* PlaygroundController.swift in Sources */,
				E7B0AB011990B4890057FAD5 /* TextGutterView.swift in Sources */,
				E7A13B48188E7BED00D79087 /* HFMWindowController.m in Sources */,
				E7A13B111888006C00D79087 /* main.m in Sources */,
				E7AD6224198F28FD00AFF324 /* TextEditorController.swift in Sources */,
				E75DD13819A07E0300CDC18F /* StringExtensions.swift in Sources */,
				E7F79896198B06850063294F /* SynchroScrollView.swift in Sources */,
				E7F79898198B3A010063294F /* HaskellSession.swift in Sources */,
			);
			runOnlyForDeploymentPostprocessing = 0;
		};
		E7A13B1E1888006C00D79087 /* Sources */ = {
			isa = PBXSourcesBuildPhase;
			buildActionMask = 2147483647;
			files = (
				E7A13B2F1888006C00D79087 /* HaskellForMacTests.m in Sources */,
				E70D409719409AB700CA3455 /* CabalTest.swift in Sources */,
			);
			runOnlyForDeploymentPostprocessing = 0;
		};
/* End PBXSourcesBuildPhase section */

/* Begin PBXTargetDependency section */
		E70A66C3197CC341006D3514 /* PBXTargetDependency */ = {
			isa = PBXTargetDependency;
			target = E70A66AE197CC340006D3514 /* GHCKit */;
			targetProxy = E70A66C2197CC341006D3514 /* PBXContainerItemProxy */;
		};
		E70A66C7197CC341006D3514 /* PBXTargetDependency */ = {
			isa = PBXTargetDependency;
			target = E70A66AE197CC340006D3514 /* GHCKit */;
			targetProxy = E70A66C6197CC341006D3514 /* PBXContainerItemProxy */;
		};
		E70A6704197E272E006D3514 /* PBXTargetDependency */ = {
			isa = PBXTargetDependency;
			target = E70A66EF197E272E006D3514 /* CabalKit */;
			targetProxy = E70A6703197E272E006D3514 /* PBXContainerItemProxy */;
		};
		E70A6708197E272E006D3514 /* PBXTargetDependency */ = {
			isa = PBXTargetDependency;
			target = E70A66EF197E272E006D3514 /* CabalKit */;
			targetProxy = E70A6707197E272E006D3514 /* PBXContainerItemProxy */;
		};
		E7142E3D19415EFF00DB5295 /* PBXTargetDependency */ = {
			isa = PBXTargetDependency;
			target = E7A13B001888006C00D79087 /* HaskellForMac */;
			targetProxy = E7142E3C19415EFF00DB5295 /* PBXContainerItemProxy */;
		};
		E7142E3F19415F0100DB5295 /* PBXTargetDependency */ = {
			isa = PBXTargetDependency;
			target = E7A13B001888006C00D79087 /* HaskellForMac */;
			targetProxy = E7142E3E19415F0100DB5295 /* PBXContainerItemProxy */;
		};
		E743140919A46F70003A3934 /* PBXTargetDependency */ = {
			isa = PBXTargetDependency;
			target = E7A13B001888006C00D79087 /* HaskellForMac */;
			targetProxy = E743140819A46F70003A3934 /* PBXContainerItemProxy */;
		};
		E743141019A46F70003A3934 /* PBXTargetDependency */ = {
			isa = PBXTargetDependency;
			target = E74313FC19A46F70003A3934 /* CloudcelerateKit */;
			targetProxy = E743140F19A46F70003A3934 /* PBXContainerItemProxy */;
		};
		E743141419A46F70003A3934 /* PBXTargetDependency */ = {
			isa = PBXTargetDependency;
			target = E74313FC19A46F70003A3934 /* CloudcelerateKit */;
			targetProxy = E743141319A46F70003A3934 /* PBXContainerItemProxy */;
		};
		E75DD13A19A212A600CDC18F /* PBXTargetDependency */ = {
			isa = PBXTargetDependency;
			target = E7A13B001888006C00D79087 /* HaskellForMac */;
			targetProxy = E75DD13919A212A600CDC18F /* PBXContainerItemProxy */;
		};
		E7A13B271888006C00D79087 /* PBXTargetDependency */ = {
			isa = PBXTargetDependency;
			target = E7A13B001888006C00D79087 /* HaskellForMac */;
			targetProxy = E7A13B261888006C00D79087 /* PBXContainerItemProxy */;
		};
/* End PBXTargetDependency section */

/* Begin PBXVariantGroup section */
		E7A13B0D1888006C00D79087 /* InfoPlist.strings */ = {
			isa = PBXVariantGroup;
			children = (
				E7A13B0E1888006C00D79087 /* en */,
			);
			name = InfoPlist.strings;
			sourceTree = "<group>";
		};
		E7A13B131888006C00D79087 /* Credits.rtf */ = {
			isa = PBXVariantGroup;
			children = (
				E7A13B141888006C00D79087 /* en */,
			);
			name = Credits.rtf;
			sourceTree = "<group>";
		};
		E7A13B191888006C00D79087 /* MainMenu.xib */ = {
			isa = PBXVariantGroup;
			children = (
				E7A13B1A1888006C00D79087 /* Base */,
			);
			name = MainMenu.xib;
			sourceTree = "<group>";
		};
		E7A13B2B1888006C00D79087 /* InfoPlist.strings */ = {
			isa = PBXVariantGroup;
			children = (
				E7A13B2C1888006C00D79087 /* en */,
			);
			name = InfoPlist.strings;
			sourceTree = "<group>";
		};
/* End PBXVariantGroup section */

/* Begin XCBuildConfiguration section */
		E70A66C9197CC341006D3514 /* Debug */ = {
			isa = XCBuildConfiguration;
			buildSettings = {
				CLANG_ENABLE_MODULES = YES;
				CLANG_WARN_UNREACHABLE_CODE = YES;
				CODE_SIGN_IDENTITY = "Mac Developer";
				"CODE_SIGN_IDENTITY[sdk=macosx*]" = "Mac Developer";
				COMBINE_HIDPI_IMAGES = YES;
				CURRENT_PROJECT_VERSION = 1;
				DEFINES_MODULE = YES;
				DYLIB_COMPATIBILITY_VERSION = 1;
				DYLIB_CURRENT_VERSION = 1;
				DYLIB_INSTALL_NAME_BASE = "@rpath";
				ENABLE_STRICT_OBJC_MSGSEND = YES;
				FRAMEWORK_VERSION = A;
				GCC_PREPROCESSOR_DEFINITIONS = (
					"DEBUG=1",
					"$(inherited)",
				);
				GCC_WARN_UNINITIALIZED_AUTOS = YES_AGGRESSIVE;
				HEADER_SEARCH_PATHS = (
					"$(inherited)",
					/Applications/Xcode.app/Contents/Developer/Toolchains/XcodeDefault.xctoolchain/usr/include,
					"/Library/Frameworks/GHC.framework/Versions/7.6.3-x86_64/usr/lib/ghc-7.6.3/include",
				);
				INFOPLIST_FILE = GHCKit/Info.plist;
				INSTALL_PATH = "$(LOCAL_LIBRARY_DIR)/Frameworks";
				LD_RUNPATH_SEARCH_PATHS = "$(inherited) @executable_path/../Frameworks @loader_path/Frameworks";
				LIBRARY_SEARCH_PATHS = "";
				MACOSX_DEPLOYMENT_TARGET = 10.9;
				MTL_ENABLE_DEBUG_INFO = YES;
				OTHER_LDFLAGS = (
					"${BUILT_PRODUCTS_DIR}/${EXECUTABLE_FOLDER_PATH}/Libraries/${TARGET_NAME}.dylib",
					"-Xlinker",
					"-U",
					"-Xlinker",
					_hs_free_stable_ptr,
				);
				PRODUCT_NAME = "$(TARGET_NAME)";
				PROVISIONING_PROFILE = "";
				SDKROOT = macosx;
				SKIP_INSTALL = YES;
				VERSIONING_SYSTEM = "apple-generic";
				VERSION_INFO_PREFIX = "";
			};
			name = Debug;
		};
		E70A66CA197CC341006D3514 /* Release */ = {
			isa = XCBuildConfiguration;
			buildSettings = {
				CLANG_ENABLE_MODULES = YES;
				CLANG_WARN_UNREACHABLE_CODE = YES;
				CODE_SIGN_IDENTITY = "Mac Developer";
				"CODE_SIGN_IDENTITY[sdk=macosx*]" = "Mac Developer";
				COMBINE_HIDPI_IMAGES = YES;
				CURRENT_PROJECT_VERSION = 1;
				DEFINES_MODULE = YES;
				DYLIB_COMPATIBILITY_VERSION = 1;
				DYLIB_CURRENT_VERSION = 1;
				DYLIB_INSTALL_NAME_BASE = "@rpath";
				ENABLE_STRICT_OBJC_MSGSEND = YES;
				FRAMEWORK_VERSION = A;
				GCC_WARN_UNINITIALIZED_AUTOS = YES_AGGRESSIVE;
				HEADER_SEARCH_PATHS = (
					"$(inherited)",
					/Applications/Xcode.app/Contents/Developer/Toolchains/XcodeDefault.xctoolchain/usr/include,
					"/Library/Frameworks/GHC.framework/Versions/7.6.3-x86_64/usr/lib/ghc-7.6.3/include",
				);
				INFOPLIST_FILE = GHCKit/Info.plist;
				INSTALL_PATH = "$(LOCAL_LIBRARY_DIR)/Frameworks";
				LD_RUNPATH_SEARCH_PATHS = "$(inherited) @executable_path/../Frameworks @loader_path/Frameworks";
				LIBRARY_SEARCH_PATHS = "";
				MACOSX_DEPLOYMENT_TARGET = 10.9;
				MTL_ENABLE_DEBUG_INFO = NO;
				OTHER_LDFLAGS = (
					"${BUILT_PRODUCTS_DIR}/${EXECUTABLE_FOLDER_PATH}/Libraries/${TARGET_NAME}.dylib",
					"-Xlinker",
					"-U",
					"-Xlinker",
					_hs_free_stable_ptr,
				);
				PRODUCT_NAME = "$(TARGET_NAME)";
				PROVISIONING_PROFILE = "";
				SDKROOT = macosx;
				SKIP_INSTALL = YES;
				VERSIONING_SYSTEM = "apple-generic";
				VERSION_INFO_PREFIX = "";
			};
			name = Release;
		};
		E70A670A197E272E006D3514 /* Debug */ = {
			isa = XCBuildConfiguration;
			buildSettings = {
				CLANG_ENABLE_MODULES = YES;
				CLANG_WARN_UNREACHABLE_CODE = YES;
				CODE_SIGN_IDENTITY = "Mac Developer";
				"CODE_SIGN_IDENTITY[sdk=macosx*]" = "Mac Developer";
				COMBINE_HIDPI_IMAGES = YES;
				CURRENT_PROJECT_VERSION = 1;
				DEFINES_MODULE = YES;
				DYLIB_COMPATIBILITY_VERSION = 1;
				DYLIB_CURRENT_VERSION = 1;
				DYLIB_INSTALL_NAME_BASE = "@rpath";
				ENABLE_STRICT_OBJC_MSGSEND = YES;
				FRAMEWORK_VERSION = A;
				GCC_PREPROCESSOR_DEFINITIONS = (
					"DEBUG=1",
					"$(inherited)",
				);
				GCC_WARN_UNINITIALIZED_AUTOS = YES_AGGRESSIVE;
				HEADER_SEARCH_PATHS = (
					"$(inherited)",
					/Applications/Xcode.app/Contents/Developer/Toolchains/XcodeDefault.xctoolchain/usr/include,
					"/Library/Frameworks/GHC.framework/Versions/7.6.3-x86_64/usr/lib/ghc-7.6.3/include",
				);
				INFOPLIST_FILE = CabalKit/Info.plist;
				INSTALL_PATH = "$(LOCAL_LIBRARY_DIR)/Frameworks";
				LD_RUNPATH_SEARCH_PATHS = "$(inherited) @executable_path/../Frameworks @loader_path/Frameworks";
				MTL_ENABLE_DEBUG_INFO = YES;
				OTHER_LDFLAGS = (
					"${BUILT_PRODUCTS_DIR}/${EXECUTABLE_FOLDER_PATH}/Libraries/${TARGET_NAME}.dylib",
					"-Xlinker",
					"-U",
					"-Xlinker",
					_hs_free_stable_ptr,
				);
				PRODUCT_NAME = "$(TARGET_NAME)";
				PROVISIONING_PROFILE = "";
				SDKROOT = macosx;
				SKIP_INSTALL = YES;
				VERSIONING_SYSTEM = "apple-generic";
				VERSION_INFO_PREFIX = "";
			};
			name = Debug;
		};
		E70A670B197E272E006D3514 /* Release */ = {
			isa = XCBuildConfiguration;
			buildSettings = {
				CLANG_ENABLE_MODULES = YES;
				CLANG_WARN_UNREACHABLE_CODE = YES;
				CODE_SIGN_IDENTITY = "Mac Developer";
				"CODE_SIGN_IDENTITY[sdk=macosx*]" = "Mac Developer";
				COMBINE_HIDPI_IMAGES = YES;
				CURRENT_PROJECT_VERSION = 1;
				DEFINES_MODULE = YES;
				DYLIB_COMPATIBILITY_VERSION = 1;
				DYLIB_CURRENT_VERSION = 1;
				DYLIB_INSTALL_NAME_BASE = "@rpath";
				ENABLE_STRICT_OBJC_MSGSEND = YES;
				FRAMEWORK_VERSION = A;
				GCC_WARN_UNINITIALIZED_AUTOS = YES_AGGRESSIVE;
				HEADER_SEARCH_PATHS = (
					"$(inherited)",
					/Applications/Xcode.app/Contents/Developer/Toolchains/XcodeDefault.xctoolchain/usr/include,
					"/Library/Frameworks/GHC.framework/Versions/7.6.3-x86_64/usr/lib/ghc-7.6.3/include",
				);
				INFOPLIST_FILE = CabalKit/Info.plist;
				INSTALL_PATH = "$(LOCAL_LIBRARY_DIR)/Frameworks";
				LD_RUNPATH_SEARCH_PATHS = "$(inherited) @executable_path/../Frameworks @loader_path/Frameworks";
				MTL_ENABLE_DEBUG_INFO = NO;
				OTHER_LDFLAGS = (
					"${BUILT_PRODUCTS_DIR}/${EXECUTABLE_FOLDER_PATH}/Libraries/${TARGET_NAME}.dylib",
					"-Xlinker",
					"-U",
					"-Xlinker",
					_hs_free_stable_ptr,
				);
				PRODUCT_NAME = "$(TARGET_NAME)";
				PROVISIONING_PROFILE = "";
				SDKROOT = macosx;
				SKIP_INSTALL = YES;
				VERSIONING_SYSTEM = "apple-generic";
				VERSION_INFO_PREFIX = "";
			};
			name = Release;
		};
		E743141519A46F70003A3934 /* Debug */ = {
			isa = XCBuildConfiguration;
			buildSettings = {
				CLANG_ENABLE_MODULES = YES;
				CLANG_WARN_UNREACHABLE_CODE = YES;
				CODE_SIGN_IDENTITY = "Mac Developer";
				"CODE_SIGN_IDENTITY[sdk=macosx*]" = "Mac Developer";
				COMBINE_HIDPI_IMAGES = YES;
				CURRENT_PROJECT_VERSION = 1;
				DEFINES_MODULE = YES;
				DYLIB_COMPATIBILITY_VERSION = 1;
				DYLIB_CURRENT_VERSION = 1;
				DYLIB_INSTALL_NAME_BASE = "@rpath";
				ENABLE_STRICT_OBJC_MSGSEND = YES;
				FRAMEWORK_VERSION = A;
				GCC_PREPROCESSOR_DEFINITIONS = (
					"DEBUG=1",
					"$(inherited)",
				);
				GCC_WARN_UNINITIALIZED_AUTOS = YES_AGGRESSIVE;
				INFOPLIST_FILE = CloudcelerateKit/Info.plist;
				INSTALL_PATH = "$(LOCAL_LIBRARY_DIR)/Frameworks";
				LD_RUNPATH_SEARCH_PATHS = "$(inherited) @executable_path/../Frameworks @loader_path/Frameworks";
				MTL_ENABLE_DEBUG_INFO = YES;
				PRODUCT_NAME = "$(TARGET_NAME)";
				PROVISIONING_PROFILE = "";
				SKIP_INSTALL = YES;
				SWIFT_OPTIMIZATION_LEVEL = "-Onone";
				VERSIONING_SYSTEM = "apple-generic";
				VERSION_INFO_PREFIX = "";
			};
			name = Debug;
		};
		E743141619A46F70003A3934 /* Release */ = {
			isa = XCBuildConfiguration;
			buildSettings = {
				CLANG_ENABLE_MODULES = YES;
				CLANG_WARN_UNREACHABLE_CODE = YES;
				CODE_SIGN_IDENTITY = "Mac Developer";
				"CODE_SIGN_IDENTITY[sdk=macosx*]" = "Mac Developer";
				COMBINE_HIDPI_IMAGES = YES;
				CURRENT_PROJECT_VERSION = 1;
				DEFINES_MODULE = YES;
				DYLIB_COMPATIBILITY_VERSION = 1;
				DYLIB_CURRENT_VERSION = 1;
				DYLIB_INSTALL_NAME_BASE = "@rpath";
				ENABLE_STRICT_OBJC_MSGSEND = YES;
				FRAMEWORK_VERSION = A;
				GCC_WARN_UNINITIALIZED_AUTOS = YES_AGGRESSIVE;
				INFOPLIST_FILE = CloudcelerateKit/Info.plist;
				INSTALL_PATH = "$(LOCAL_LIBRARY_DIR)/Frameworks";
				LD_RUNPATH_SEARCH_PATHS = "$(inherited) @executable_path/../Frameworks @loader_path/Frameworks";
				MTL_ENABLE_DEBUG_INFO = NO;
				PRODUCT_NAME = "$(TARGET_NAME)";
				PROVISIONING_PROFILE = "";
				SKIP_INSTALL = YES;
				VERSIONING_SYSTEM = "apple-generic";
				VERSION_INFO_PREFIX = "";
			};
			name = Release;
		};
		E743141719A46F70003A3934 /* Debug */ = {
			isa = XCBuildConfiguration;
			buildSettings = {
				CLANG_WARN_UNREACHABLE_CODE = YES;
				COMBINE_HIDPI_IMAGES = YES;
				ENABLE_STRICT_OBJC_MSGSEND = YES;
				FRAMEWORK_SEARCH_PATHS = (
					"$(DEVELOPER_FRAMEWORKS_DIR)",
					"$(inherited)",
				);
				GCC_PREPROCESSOR_DEFINITIONS = (
					"DEBUG=1",
					"$(inherited)",
				);
				GCC_WARN_UNINITIALIZED_AUTOS = YES_AGGRESSIVE;
				INFOPLIST_FILE = CloudcelerateKitTests/Info.plist;
				LD_RUNPATH_SEARCH_PATHS = "$(inherited) @executable_path/../Frameworks @loader_path/../Frameworks";
				MTL_ENABLE_DEBUG_INFO = YES;
				PRODUCT_NAME = "$(TARGET_NAME)";
				PROVISIONING_PROFILE = "";
				TEST_HOST = "$(BUILT_PRODUCTS_DIR)/Haskell.app/Contents/MacOS/Haskell";
			};
			name = Debug;
		};
		E743141819A46F70003A3934 /* Release */ = {
			isa = XCBuildConfiguration;
			buildSettings = {
				CLANG_WARN_UNREACHABLE_CODE = YES;
				COMBINE_HIDPI_IMAGES = YES;
				ENABLE_STRICT_OBJC_MSGSEND = YES;
				FRAMEWORK_SEARCH_PATHS = (
					"$(DEVELOPER_FRAMEWORKS_DIR)",
					"$(inherited)",
				);
				GCC_WARN_UNINITIALIZED_AUTOS = YES_AGGRESSIVE;
				INFOPLIST_FILE = CloudcelerateKitTests/Info.plist;
				LD_RUNPATH_SEARCH_PATHS = "$(inherited) @executable_path/../Frameworks @loader_path/../Frameworks";
				MTL_ENABLE_DEBUG_INFO = NO;
				PRODUCT_NAME = "$(TARGET_NAME)";
				PROVISIONING_PROFILE = "";
				TEST_HOST = "$(BUILT_PRODUCTS_DIR)/Haskell.app/Contents/MacOS/Haskell";
			};
			name = Release;
		};
		E7A13B301888006C00D79087 /* Debug */ = {
			isa = XCBuildConfiguration;
			buildSettings = {
				ALWAYS_SEARCH_USER_PATHS = NO;
				CLANG_ALLOW_NON_MODULAR_INCLUDES_IN_FRAMEWORK_MODULES = YES;
				CLANG_ANALYZER_SECURITY_FLOATLOOPCOUNTER = YES;
				CLANG_ANALYZER_SECURITY_INSECUREAPI_RAND = YES;
				CLANG_ANALYZER_SECURITY_INSECUREAPI_STRCPY = YES;
				CLANG_CXX_LANGUAGE_STANDARD = "gnu++0x";
				CLANG_CXX_LIBRARY = "libc++";
				CLANG_ENABLE_MODULES = YES;
				CLANG_ENABLE_OBJC_ARC = YES;
				CLANG_WARN_BOOL_CONVERSION = YES;
				CLANG_WARN_CONSTANT_CONVERSION = YES;
				CLANG_WARN_DEPRECATED_OBJC_IMPLEMENTATIONS = YES;
				CLANG_WARN_DIRECT_OBJC_ISA_USAGE = YES_ERROR;
				CLANG_WARN_EMPTY_BODY = YES;
				CLANG_WARN_ENUM_CONVERSION = YES;
				CLANG_WARN_IMPLICIT_SIGN_CONVERSION = YES;
				CLANG_WARN_INT_CONVERSION = YES;
				CLANG_WARN_OBJC_EXPLICIT_OWNERSHIP_TYPE = YES;
				CLANG_WARN_OBJC_IMPLICIT_RETAIN_SELF = YES;
				CLANG_WARN_OBJC_RECEIVER_WEAK = YES;
				CLANG_WARN_OBJC_REPEATED_USE_OF_WEAK = YES;
				CLANG_WARN_OBJC_ROOT_CLASS = YES_ERROR;
				CLANG_WARN_SUSPICIOUS_IMPLICIT_CONVERSION = YES;
				CLANG_WARN__DUPLICATE_METHOD_MATCH = YES;
				COPY_PHASE_STRIP = NO;
				GCC_C_LANGUAGE_STANDARD = gnu99;
				GCC_DYNAMIC_NO_PIC = NO;
				GCC_ENABLE_OBJC_EXCEPTIONS = YES;
				GCC_OPTIMIZATION_LEVEL = 0;
				GCC_PREPROCESSOR_DEFINITIONS = (
					"DEBUG=1",
					"$(inherited)",
				);
				GCC_SYMBOLS_PRIVATE_EXTERN = NO;
				GCC_TREAT_IMPLICIT_FUNCTION_DECLARATIONS_AS_ERRORS = YES;
				GCC_TREAT_INCOMPATIBLE_POINTER_TYPE_WARNINGS_AS_ERRORS = YES;
				GCC_WARN_64_TO_32_BIT_CONVERSION = YES;
				GCC_WARN_ABOUT_MISSING_FIELD_INITIALIZERS = YES;
				GCC_WARN_ABOUT_MISSING_PROTOTYPES = YES;
				GCC_WARN_ABOUT_RETURN_TYPE = YES_ERROR;
				GCC_WARN_INITIALIZER_NOT_FULLY_BRACKETED = NO;
				GCC_WARN_MULTIPLE_DEFINITION_TYPES_FOR_SELECTOR = YES;
				GCC_WARN_SIGN_COMPARE = YES;
				GCC_WARN_STRICT_SELECTOR_MATCH = YES;
				GCC_WARN_UNDECLARED_SELECTOR = YES;
				GCC_WARN_UNINITIALIZED_AUTOS = YES;
				GCC_WARN_UNKNOWN_PRAGMAS = YES;
				GCC_WARN_UNUSED_FUNCTION = YES;
				GCC_WARN_UNUSED_LABEL = YES;
				GCC_WARN_UNUSED_PARAMETER = YES;
				GCC_WARN_UNUSED_VARIABLE = YES;
				HEADER_SEARCH_PATHS = (
					"$(inherited)",
					/Applications/Xcode.app/Contents/Developer/Toolchains/XcodeDefault.xctoolchain/usr/include,
				);
				MACOSX_DEPLOYMENT_TARGET = 10.9;
				ONLY_ACTIVE_ARCH = YES;
				PRODUCT_NAME = "";
				PROVISIONING_PROFILE = "AB38A0E2-9FAF-485A-9D03-7531C53D7C62";
				SDKROOT = macosx;
			};
			name = Debug;
		};
		E7A13B311888006C00D79087 /* Release */ = {
			isa = XCBuildConfiguration;
			buildSettings = {
				ALWAYS_SEARCH_USER_PATHS = NO;
				CLANG_ALLOW_NON_MODULAR_INCLUDES_IN_FRAMEWORK_MODULES = YES;
				CLANG_ANALYZER_SECURITY_FLOATLOOPCOUNTER = YES;
				CLANG_ANALYZER_SECURITY_INSECUREAPI_RAND = YES;
				CLANG_ANALYZER_SECURITY_INSECUREAPI_STRCPY = YES;
				CLANG_CXX_LANGUAGE_STANDARD = "gnu++0x";
				CLANG_CXX_LIBRARY = "libc++";
				CLANG_ENABLE_MODULES = YES;
				CLANG_ENABLE_OBJC_ARC = YES;
				CLANG_WARN_BOOL_CONVERSION = YES;
				CLANG_WARN_CONSTANT_CONVERSION = YES;
				CLANG_WARN_DEPRECATED_OBJC_IMPLEMENTATIONS = YES;
				CLANG_WARN_DIRECT_OBJC_ISA_USAGE = YES_ERROR;
				CLANG_WARN_EMPTY_BODY = YES;
				CLANG_WARN_ENUM_CONVERSION = YES;
				CLANG_WARN_IMPLICIT_SIGN_CONVERSION = YES;
				CLANG_WARN_INT_CONVERSION = YES;
				CLANG_WARN_OBJC_EXPLICIT_OWNERSHIP_TYPE = YES;
				CLANG_WARN_OBJC_IMPLICIT_RETAIN_SELF = YES;
				CLANG_WARN_OBJC_RECEIVER_WEAK = YES;
				CLANG_WARN_OBJC_REPEATED_USE_OF_WEAK = YES;
				CLANG_WARN_OBJC_ROOT_CLASS = YES_ERROR;
				CLANG_WARN_SUSPICIOUS_IMPLICIT_CONVERSION = YES;
				CLANG_WARN__DUPLICATE_METHOD_MATCH = YES;
				COPY_PHASE_STRIP = YES;
				DEBUG_INFORMATION_FORMAT = "dwarf-with-dsym";
				ENABLE_NS_ASSERTIONS = NO;
				GCC_C_LANGUAGE_STANDARD = gnu99;
				GCC_ENABLE_OBJC_EXCEPTIONS = YES;
				GCC_TREAT_IMPLICIT_FUNCTION_DECLARATIONS_AS_ERRORS = YES;
				GCC_TREAT_INCOMPATIBLE_POINTER_TYPE_WARNINGS_AS_ERRORS = YES;
				GCC_TREAT_WARNINGS_AS_ERRORS = YES;
				GCC_WARN_64_TO_32_BIT_CONVERSION = YES;
				GCC_WARN_ABOUT_MISSING_FIELD_INITIALIZERS = YES;
				GCC_WARN_ABOUT_MISSING_PROTOTYPES = YES;
				GCC_WARN_ABOUT_RETURN_TYPE = YES_ERROR;
				GCC_WARN_INITIALIZER_NOT_FULLY_BRACKETED = NO;
				GCC_WARN_MULTIPLE_DEFINITION_TYPES_FOR_SELECTOR = YES;
				GCC_WARN_SIGN_COMPARE = YES;
				GCC_WARN_STRICT_SELECTOR_MATCH = YES;
				GCC_WARN_UNDECLARED_SELECTOR = YES;
				GCC_WARN_UNINITIALIZED_AUTOS = YES;
				GCC_WARN_UNKNOWN_PRAGMAS = YES;
				GCC_WARN_UNUSED_FUNCTION = YES;
				GCC_WARN_UNUSED_LABEL = YES;
				GCC_WARN_UNUSED_PARAMETER = YES;
				GCC_WARN_UNUSED_VARIABLE = YES;
				HEADER_SEARCH_PATHS = (
					"$(inherited)",
					/Applications/Xcode.app/Contents/Developer/Toolchains/XcodeDefault.xctoolchain/usr/include,
				);
				MACOSX_DEPLOYMENT_TARGET = 10.9;
				PRODUCT_NAME = "";
				PROVISIONING_PROFILE = "AB38A0E2-9FAF-485A-9D03-7531C53D7C62";
				SDKROOT = macosx;
			};
			name = Release;
		};
		E7A13B331888006C00D79087 /* Debug */ = {
			isa = XCBuildConfiguration;
			buildSettings = {
				ASSETCATALOG_COMPILER_APPICON_NAME = AppIcon;
				CLANG_ANALYZER_SECURITY_FLOATLOOPCOUNTER = YES;
				CLANG_ANALYZER_SECURITY_INSECUREAPI_RAND = YES;
				CLANG_ANALYZER_SECURITY_INSECUREAPI_STRCPY = YES;
				CLANG_ENABLE_MODULES = YES;
				CLANG_WARN_DEPRECATED_OBJC_IMPLEMENTATIONS = YES;
				CLANG_WARN_IMPLICIT_SIGN_CONVERSION = YES;
				CLANG_WARN_OBJC_EXPLICIT_OWNERSHIP_TYPE = YES;
				CLANG_WARN_OBJC_IMPLICIT_RETAIN_SELF = YES;
				CLANG_WARN_OBJC_MISSING_PROPERTY_SYNTHESIS = NO;
				CLANG_WARN_OBJC_RECEIVER_WEAK = NO;
				CLANG_WARN_OBJC_REPEATED_USE_OF_WEAK = NO;
				CLANG_WARN_SUSPICIOUS_IMPLICIT_CONVERSION = YES;
				CODE_SIGN_IDENTITY = "Mac Developer";
				"CODE_SIGN_IDENTITY[sdk=macosx*]" = "Mac Developer";
				COMBINE_HIDPI_IMAGES = YES;
				DEFINES_MODULE = YES;
				GCC_PRECOMPILE_PREFIX_HEADER = YES;
				GCC_PREFIX_HEADER = "HaskellForMac/HaskellForMac-Prefix.pch";
				GCC_TREAT_INCOMPATIBLE_POINTER_TYPE_WARNINGS_AS_ERRORS = YES;
				GCC_TREAT_WARNINGS_AS_ERRORS = NO;
				GCC_WARN_ABOUT_MISSING_FIELD_INITIALIZERS = YES;
				GCC_WARN_ABOUT_MISSING_PROTOTYPES = YES;
				GCC_WARN_MULTIPLE_DEFINITION_TYPES_FOR_SELECTOR = YES;
				GCC_WARN_PEDANTIC = YES;
				GCC_WARN_SIGN_COMPARE = YES;
				GCC_WARN_STRICT_SELECTOR_MATCH = YES;
				GCC_WARN_UNKNOWN_PRAGMAS = YES;
				GCC_WARN_UNUSED_PARAMETER = YES;
				HEADER_SEARCH_PATHS = (
					"$(inherited)",
					/Applications/Xcode.app/Contents/Developer/Toolchains/XcodeDefault.xctoolchain/usr/include,
					"/Library/Frameworks/GHC.framework/Versions/7.6.3-x86_64/usr/lib/ghc-7.6.3/include",
				);
				INFOPLIST_FILE = "HaskellForMac/HaskellForMac-Info.plist";
				LD_RUNPATH_SEARCH_PATHS = "$(inherited) @executable_path/../Frameworks";
				MACOSX_DEPLOYMENT_TARGET = 10.9;
				OTHER_LDFLAGS = (
					"-liconv",
					"-Wl,-no_compact_unwind",
					"/Users/chak/Code/ghc-7.8/rts/dist/build/libHSrts_thr-ghc7.8.0.20140317.dylib",
					"-rpath",
					"/Users/chak/Code/ghc-7.8/rts/dist/build/",
				);
				PRODUCT_NAME = Haskell;
				PROVISIONING_PROFILE = "AB38A0E2-9FAF-485A-9D03-7531C53D7C62";
				SWIFT_OBJC_BRIDGING_HEADER = "HaskellForMac/HaskellForMac-Bridging-Header.h";
				SWIFT_OPTIMIZATION_LEVEL = "-Onone";
				USE_HEADERMAP = NO;
				WRAPPER_EXTENSION = app;
			};
			name = Debug;
		};
		E7A13B341888006C00D79087 /* Release */ = {
			isa = XCBuildConfiguration;
			buildSettings = {
				ASSETCATALOG_COMPILER_APPICON_NAME = AppIcon;
				CLANG_ANALYZER_SECURITY_FLOATLOOPCOUNTER = YES;
				CLANG_ANALYZER_SECURITY_INSECUREAPI_RAND = YES;
				CLANG_ANALYZER_SECURITY_INSECUREAPI_STRCPY = YES;
				CLANG_ENABLE_MODULES = YES;
				CLANG_WARN_DEPRECATED_OBJC_IMPLEMENTATIONS = YES;
				CLANG_WARN_IMPLICIT_SIGN_CONVERSION = YES;
				CLANG_WARN_OBJC_EXPLICIT_OWNERSHIP_TYPE = YES;
				CLANG_WARN_OBJC_IMPLICIT_RETAIN_SELF = YES;
				CLANG_WARN_OBJC_MISSING_PROPERTY_SYNTHESIS = NO;
				CLANG_WARN_OBJC_RECEIVER_WEAK = NO;
				CLANG_WARN_OBJC_REPEATED_USE_OF_WEAK = NO;
				CLANG_WARN_SUSPICIOUS_IMPLICIT_CONVERSION = YES;
				CODE_SIGN_IDENTITY = "Mac Developer";
				"CODE_SIGN_IDENTITY[sdk=macosx*]" = "Mac Developer";
				COMBINE_HIDPI_IMAGES = YES;
				DEFINES_MODULE = YES;
				GCC_PRECOMPILE_PREFIX_HEADER = YES;
				GCC_PREFIX_HEADER = "HaskellForMac/HaskellForMac-Prefix.pch";
				GCC_TREAT_INCOMPATIBLE_POINTER_TYPE_WARNINGS_AS_ERRORS = YES;
				GCC_TREAT_WARNINGS_AS_ERRORS = YES;
				GCC_WARN_ABOUT_MISSING_FIELD_INITIALIZERS = YES;
				GCC_WARN_ABOUT_MISSING_PROTOTYPES = YES;
				GCC_WARN_MULTIPLE_DEFINITION_TYPES_FOR_SELECTOR = YES;
				GCC_WARN_PEDANTIC = YES;
				GCC_WARN_SIGN_COMPARE = YES;
				GCC_WARN_STRICT_SELECTOR_MATCH = YES;
				GCC_WARN_UNKNOWN_PRAGMAS = YES;
				GCC_WARN_UNUSED_PARAMETER = YES;
				HEADER_SEARCH_PATHS = (
					"$(inherited)",
					/Applications/Xcode.app/Contents/Developer/Toolchains/XcodeDefault.xctoolchain/usr/include,
					"/Library/Frameworks/GHC.framework/Versions/7.6.3-x86_64/usr/lib/ghc-7.6.3/include",
				);
				INFOPLIST_FILE = "HaskellForMac/HaskellForMac-Info.plist";
				LD_RUNPATH_SEARCH_PATHS = "$(inherited) @executable_path/../Frameworks";
				MACOSX_DEPLOYMENT_TARGET = 10.9;
				OTHER_LDFLAGS = (
					"-liconv",
					"-Wl,-no_compact_unwind",
					"/Users/chak/Code/ghc-7.8/rts/dist/build/libHSrts_thr-ghc7.8.0.20140317.dylib",
					"-rpath",
					"/Users/chak/Code/ghc-7.8/rts/dist/build/",
				);
				PRODUCT_NAME = Haskell;
				PROVISIONING_PROFILE = "AB38A0E2-9FAF-485A-9D03-7531C53D7C62";
				SWIFT_OBJC_BRIDGING_HEADER = "HaskellForMac/HaskellForMac-Bridging-Header.h";
				USE_HEADERMAP = NO;
				WRAPPER_EXTENSION = app;
			};
			name = Release;
		};
		E7A13B361888006C00D79087 /* Debug */ = {
			isa = XCBuildConfiguration;
			buildSettings = {
				BUNDLE_LOADER = "$(TEST_HOST)";
				CLANG_ENABLE_MODULES = YES;
				CODE_SIGN_IDENTITY = "Mac Developer";
				"CODE_SIGN_IDENTITY[sdk=macosx*]" = "Mac Developer";
				COMBINE_HIDPI_IMAGES = YES;
				FRAMEWORK_SEARCH_PATHS = (
					"$(DEVELOPER_FRAMEWORKS_DIR)",
					"$(inherited)",
				);
				GCC_PRECOMPILE_PREFIX_HEADER = YES;
				GCC_PREFIX_HEADER = "HaskellForMac/HaskellForMac-Prefix.pch";
				GCC_PREPROCESSOR_DEFINITIONS = (
					"DEBUG=1",
					"$(inherited)",
				);
				INFOPLIST_FILE = "HaskellForMacTests/HaskellForMacTests-Info.plist";
				LD_RUNPATH_SEARCH_PATHS = "$(inherited) @executable_path/../Frameworks @loader_path/../Frameworks";
				PRODUCT_NAME = "$(TARGET_NAME)";
				PROVISIONING_PROFILE = "";
				SWIFT_OBJC_BRIDGING_HEADER = "HaskellForMacTests/HaskellForMacTests-Bridging-Header.h";
				SWIFT_OPTIMIZATION_LEVEL = "-Onone";
				TEST_HOST = "$(BUILT_PRODUCTS_DIR)/Haskell.app/Contents/MacOS/Haskell";
				WRAPPER_EXTENSION = xctest;
			};
			name = Debug;
		};
		E7A13B371888006C00D79087 /* Release */ = {
			isa = XCBuildConfiguration;
			buildSettings = {
				BUNDLE_LOADER = "$(TEST_HOST)";
				CLANG_ENABLE_MODULES = YES;
				CODE_SIGN_IDENTITY = "Mac Developer";
				"CODE_SIGN_IDENTITY[sdk=macosx*]" = "Mac Developer";
				COMBINE_HIDPI_IMAGES = YES;
				FRAMEWORK_SEARCH_PATHS = (
					"$(DEVELOPER_FRAMEWORKS_DIR)",
					"$(inherited)",
				);
				GCC_PRECOMPILE_PREFIX_HEADER = YES;
				GCC_PREFIX_HEADER = "HaskellForMac/HaskellForMac-Prefix.pch";
				INFOPLIST_FILE = "HaskellForMacTests/HaskellForMacTests-Info.plist";
				LD_RUNPATH_SEARCH_PATHS = "$(inherited) @executable_path/../Frameworks @loader_path/../Frameworks";
				PRODUCT_NAME = "$(TARGET_NAME)";
				PROVISIONING_PROFILE = "";
				SWIFT_OBJC_BRIDGING_HEADER = "HaskellForMacTests/HaskellForMacTests-Bridging-Header.h";
				TEST_HOST = "$(BUILT_PRODUCTS_DIR)/Haskell.app/Contents/MacOS/Haskell";
				WRAPPER_EXTENSION = xctest;
			};
			name = Release;
		};
/* End XCBuildConfiguration section */

/* Begin XCConfigurationList section */
		E70A66C8197CC341006D3514 /* Build configuration list for PBXNativeTarget "GHCKit" */ = {
			isa = XCConfigurationList;
			buildConfigurations = (
				E70A66C9197CC341006D3514 /* Debug */,
				E70A66CA197CC341006D3514 /* Release */,
			);
			defaultConfigurationIsVisible = 0;
			defaultConfigurationName = Release;
		};
		E70A6709197E272E006D3514 /* Build configuration list for PBXNativeTarget "CabalKit" */ = {
			isa = XCConfigurationList;
			buildConfigurations = (
				E70A670A197E272E006D3514 /* Debug */,
				E70A670B197E272E006D3514 /* Release */,
			);
			defaultConfigurationIsVisible = 0;
			defaultConfigurationName = Release;
		};
		E743141919A46F70003A3934 /* Build configuration list for PBXNativeTarget "CloudcelerateKit" */ = {
			isa = XCConfigurationList;
			buildConfigurations = (
				E743141519A46F70003A3934 /* Debug */,
				E743141619A46F70003A3934 /* Release */,
			);
			defaultConfigurationIsVisible = 0;
			defaultConfigurationName = Release;
		};
		E743141A19A46F70003A3934 /* Build configuration list for PBXNativeTarget "CloudcelerateKitTests" */ = {
			isa = XCConfigurationList;
			buildConfigurations = (
				E743141719A46F70003A3934 /* Debug */,
				E743141819A46F70003A3934 /* Release */,
			);
			defaultConfigurationIsVisible = 0;
			defaultConfigurationName = Release;
		};
		E7A13AFC1888006C00D79087 /* Build configuration list for PBXProject "HaskellForMac" */ = {
			isa = XCConfigurationList;
			buildConfigurations = (
				E7A13B301888006C00D79087 /* Debug */,
				E7A13B311888006C00D79087 /* Release */,
			);
			defaultConfigurationIsVisible = 0;
			defaultConfigurationName = Release;
		};
		E7A13B321888006C00D79087 /* Build configuration list for PBXNativeTarget "HaskellForMac" */ = {
			isa = XCConfigurationList;
			buildConfigurations = (
				E7A13B331888006C00D79087 /* Debug */,
				E7A13B341888006C00D79087 /* Release */,
			);
			defaultConfigurationIsVisible = 0;
			defaultConfigurationName = Release;
		};
		E7A13B351888006C00D79087 /* Build configuration list for PBXNativeTarget "HaskellForMacTests" */ = {
			isa = XCConfigurationList;
			buildConfigurations = (
				E7A13B361888006C00D79087 /* Debug */,
				E7A13B371888006C00D79087 /* Release */,
			);
			defaultConfigurationIsVisible = 0;
			defaultConfigurationName = Release;
		};
/* End XCConfigurationList section */
	};
	rootObject = E7A13AF91888006C00D79087 /* Project object */;
}
